Microsoft Visual Studio Solution File, Format Version 12.00
# Visual Studio 14
VisualStudioVersion = 14.0.25420.1
MinimumVisualStudioVersion = 10.0.40219.1
Project("{8BC9CEB8-8B4A-11D0-8D11-00A0C91BC942}") = "DeltaGlider", "DeltaGlider.vcxproj", "{9637F69D-3745-4AED-BCEB-FA0EB62BD82E}"
EndProject
Project("{8BC9CEB8-8B4A-11D0-8D11-00A0C91BC942}") = "DGConfigurator", "DGConfigurator.vcxproj", "{E1FCD34D-5C67-4702-8616-7E6426FCA898}"
EndProject
Global
	GlobalSection(SolutionConfigurationPlatforms) = preSolution
		Debug|Win32 = Debug|Win32
		Release|Win32 = Release|Win32
	EndGlobalSection
	GlobalSection(ProjectConfigurationPlatforms) = postSolution
		{9637F69D-3745-4AED-BCEB-FA0EB62BD82E}.Debug|Win32.ActiveCfg = Debug|Win32
		{9637F69D-3745-4AED-BCEB-FA0EB62BD82E}.Debug|Win32.Build.0 = Debug|Win32
		{9637F69D-3745-4AED-BCEB-FA0EB62BD82E}.Release|Win32.ActiveCfg = Release|Win32
		{9637F69D-3745-4AED-BCEB-FA0EB62BD82E}.Release|Win32.Build.0 = Release|Win32
		{E1FCD34D-5C67-4702-8616-7E6426FCA898}.Debug|Win32.ActiveCfg = Debug|Win32
		{E1FCD34D-5C67-4702-8616-7E6426FCA898}.Debug|Win32.Build.0 = Debug|Win32
		{E1FCD34D-5C67-4702-8616-7E6426FCA898}.Release|Win32.ActiveCfg = Release|Win32
		{E1FCD34D-5C67-4702-8616-7E6426FCA898}.Release|Win32.Build.0 = Release|Win32
	EndGlobalSection
	GlobalSection(SolutionProperties) = preSolution
		HideSolutionNode = FALSE
	EndGlobalSection
EndGlobal
