<?xml version="1.0" encoding="utf-8"?>
<Project ToolsVersion="4.0" xmlns="http://schemas.microsoft.com/developer/msbuild/2003">
  <ItemGroup>
    <Filter Include="Resources">
      <UniqueIdentifier>{d7b7741b-2889-4253-813e-052dc23d122f}</UniqueIdentifier>
    </Filter>
    <Filter Include="Help">
      <UniqueIdentifier>{ef47c528-a26a-4a01-ab01-032239048823}</UniqueIdentifier>
    </Filter>
    <Filter Include="Help\Source Files">
      <UniqueIdentifier>{4c736cc5-54ee-484c-a046-c6c7b98349fc}</UniqueIdentifier>
    </Filter>
    <Filter Include="Script">
      <UniqueIdentifier>{77523037-7435-4c73-8d77-4abb7c7c0756}</UniqueIdentifier>
    </Filter>
    <Filter Include="Source">
      <UniqueIdentifier>{e026bf80-4a95-4c5e-a565-8922eb206954}</UniqueIdentifier>
    </Filter>
    <Filter Include="Source\Instruments">
      <UniqueIdentifier>{f9ce06e9-e5a1-4072-93c7-13776e2d951b}</UniqueIdentifier>
    </Filter>
    <Filter Include="Source\Subsystems">
      <UniqueIdentifier>{f9d64ff2-3bfc-406e-9612-6dac56190bf9}</UniqueIdentifier>
    </Filter>
    <Filter Include="Config">
      <UniqueIdentifier>{a0944f9f-e3c3-4616-ac57-ca8029dea9d5}</UniqueIdentifier>
    </Filter>
    <Filter Include="Meshes">
      <UniqueIdentifier>{de1379ed-8db8-403a-9992-63e4b23544ae}</UniqueIdentifier>
    </Filter>
  </ItemGroup>
  <ItemGroup>
    <ResourceCompile Include="DeltaGlider.rc">
      <Filter>Resources</Filter>
    </ResourceCompile>
  </ItemGroup>
  <ItemGroup>
    <Image Include="Bitmaps\Lever1.bmp">
      <Filter>Resources</Filter>
    </Image>
    <Image Include="Bitmaps\Slider1.bmp">
      <Filter>Resources</Filter>
    </Image>
    <Image Include="Bitmaps\Slider2.bmp">
      <Filter>Resources</Filter>
    </Image>
    <Image Include="Bitmaps\Slider2r.bmp">
      <Filter>Resources</Filter>
    </Image>
    <Image Include="Bitmaps\Switch1.bmp">
      <Filter>Resources</Filter>
    </Image>
    <Image Include="Bitmaps\Switch2.bmp">
      <Filter>Resources</Filter>
    </Image>
    <Image Include="Bitmaps\Switch3.bmp">
      <Filter>Resources</Filter>
    </Image>
    <Image Include="Bitmaps\Switch4.bmp">
      <Filter>Resources</Filter>
    </Image>
    <Image Include="Bitmaps\Switch4r.bmp">
      <Filter>Resources</Filter>
    </Image>
    <Image Include="Help\DeltaGlider1.jpg">
      <Filter>Help\Source Files</Filter>
    </Image>
    <Image Include="Help\DGp1a.gif">
      <Filter>Help\Source Files</Filter>
    </Image>
    <Image Include="Help\DGp1b.gif">
      <Filter>Help\Source Files</Filter>
    </Image>
    <Image Include="Help\DGp1c.gif">
      <Filter>Help\Source Files</Filter>
    </Image>
    <Image Include="Help\DGp1d.gif">
      <Filter>Help\Source Files</Filter>
    </Image>
    <Image Include="Help\DGp1e.gif">
      <Filter>Help\Source Files</Filter>
    </Image>
    <Image Include="Help\DGp1f.gif">
      <Filter>Help\Source Files</Filter>
    </Image>
    <Image Include="Help\DGp1g.gif">
      <Filter>Help\Source Files</Filter>
    </Image>
    <Image Include="Help\DGp1h.gif">
      <Filter>Help\Source Files</Filter>
    </Image>
    <Image Include="Help\DGp1i.gif">
      <Filter>Help\Source Files</Filter>
    </Image>
    <Image Include="Help\DGp1j.gif">
      <Filter>Help\Source Files</Filter>
    </Image>
    <Image Include="Help\DGp1m.gif">
      <Filter>Help\Source Files</Filter>
    </Image>
    <Image Include="Help\DGp1n.gif">
      <Filter>Help\Source Files</Filter>
    </Image>
    <Image Include="Help\DGp1s.gif">
      <Filter>Help\Source Files</Filter>
    </Image>
    <Image Include="Help\DGp1t.gif">
      <Filter>Help\Source Files</Filter>
    </Image>
    <Image Include="Help\DGp1u.gif">
      <Filter>Help\Source Files</Filter>
    </Image>
    <Image Include="Help\DGp2a.gif">
      <Filter>Help\Source Files</Filter>
    </Image>
    <Image Include="Help\DGp2b.gif">
      <Filter>Help\Source Files</Filter>
    </Image>
    <Image Include="Help\DGp2c.gif">
      <Filter>Help\Source Files</Filter>
    </Image>
    <Image Include="Help\DGpanel1_small.jpg">
      <Filter>Help\Source Files</Filter>
    </Image>
    <Image Include="Help\DGpanel2_small.jpg">
      <Filter>Help\Source Files</Filter>
    </Image>
    <Image Include="Help\DGpanel3_small.jpg">
      <Filter>Help\Source Files</Filter>
    </Image>
    <Image Include="Help\DGscram1.gif">
      <Filter>Help\Source Files</Filter>
    </Image>
    <Image Include="Help\DGscram2.gif">
      <Filter>Help\Source Files</Filter>
    </Image>
    <Image Include="Help\DGscram3.gif">
      <Filter>Help\Source Files</Filter>
    </Image>
    <Image Include="Help\DGSVC.jpg">
      <Filter>Help\Source Files</Filter>
    </Image>
    <Image Include="Help\DGVC.jpg">
      <Filter>Help\Source Files</Filter>
    </Image>
    <Image Include="Help\DGVCpos.jpg">
      <Filter>Help\Source Files</Filter>
    </Image>
    <Image Include="Bitmaps\MFDButton.bmp">
      <Filter>Resources</Filter>
    </Image>
  </ItemGroup>
  <ItemGroup>
    <None Include="Help\AAP\aap.htm">
      <Filter>Help\Source Files</Filter>
    </None>
    <None Include="Help\DeltaGlider.htm">
      <Filter>Help\Source Files</Filter>
    </None>
    <None Include="Help\DG-S.htm">
      <Filter>Help\Source Files</Filter>
    </None>
    <None Include="Help\DG-Sdata.htm">
      <Filter>Help\Source Files</Filter>
    </None>
    <None Include="Help\DG_SE.htm">
      <Filter>Help\Source Files</Filter>
    </None>
    <None Include="Help\DGdata.htm">
      <Filter>Help\Source Files</Filter>
    </None>
    <None Include="Help\DGpanels.htm">
      <Filter>Help\Source Files</Filter>
    </None>
    <None Include="Help\DGscram.htm">
      <Filter>Help\Source Files</Filter>
    </None>
    <None Include="Help\DGSVC.htm">
      <Filter>Help\Source Files</Filter>
    </None>
    <None Include="Help\DGVC.htm">
      <Filter>Help\Source Files</Filter>
    </None>
    <None Include="Help\DGVCpos.htm">
      <Filter>Help\Source Files</Filter>
    </None>
    <None Include="Help\AAP\OrbiterAPI.css">
      <Filter>Help\Source Files</Filter>
    </None>
    <None Include="Help\SE_Anim.htm">
      <Filter>Help\Source Files</Filter>
    </None>
    <None Include="Help\DGkeys.htm">
      <Filter>Help\Source Files</Filter>
    </None>
  </ItemGroup>
  <ItemGroup>
    <ClCompile Include="DeltaGlider.cpp">
      <Filter>Source</Filter>
    </ClCompile>
    <ClCompile Include="DGLua.cpp">
      <Filter>Source</Filter>
    </ClCompile>
    <ClCompile Include="DGSwitches.cpp">
      <Filter>Source\Instruments</Filter>
    </ClCompile>
    <ClCompile Include="FuelMfd.cpp">
      <Filter>Source\Instruments</Filter>
    </ClCompile>
    <ClCompile Include="Horizon.cpp">
      <Filter>Source\Instruments</Filter>
    </ClCompile>
    <ClCompile Include="InstrAoa.cpp">
      <Filter>Source\Instruments</Filter>
    </ClCompile>
    <ClCompile Include="InstrHsi.cpp">
      <Filter>Source\Instruments</Filter>
    </ClCompile>
    <ClCompile Include="InstrVs.cpp">
      <Filter>Source\Instruments</Filter>
    </ClCompile>
    <ClCompile Include="MomentInd.cpp">
      <Filter>Source\Instruments</Filter>
    </ClCompile>
    <ClCompile Include="AAPSubsys.cpp">
      <Filter>Source\Subsystems</Filter>
    </ClCompile>
    <ClCompile Include="AerodynSubsys.cpp">
      <Filter>Source\Subsystems</Filter>
    </ClCompile>
    <ClCompile Include="AvionicsSubsys.cpp">
      <Filter>Source\Subsystems</Filter>
    </ClCompile>
    <ClCompile Include="DGSubsys.cpp">
      <Filter>Source\Subsystems</Filter>
    </ClCompile>
    <ClCompile Include="DockingSubsys.cpp">
      <Filter>Source\Subsystems</Filter>
    </ClCompile>
    <ClCompile Include="FailureSubsys.cpp">
      <Filter>Source\Subsystems</Filter>
    </ClCompile>
    <ClCompile Include="GearSubsys.cpp">
      <Filter>Source\Subsystems</Filter>
    </ClCompile>
    <ClCompile Include="HoverSubsys.cpp">
      <Filter>Source\Subsystems</Filter>
    </ClCompile>
    <ClCompile Include="HudCtrl.cpp">
      <Filter>Source\Subsystems</Filter>
    </ClCompile>
    <ClCompile Include="LightSubsys.cpp">
      <Filter>Source\Subsystems</Filter>
    </ClCompile>
    <ClCompile Include="MainRetroSubsys.cpp">
      <Filter>Source\Subsystems</Filter>
    </ClCompile>
    <ClCompile Include="MfdSubsys.cpp">
      <Filter>Source\Subsystems</Filter>
    </ClCompile>
    <ClCompile Include="PressureSubsys.cpp">
      <Filter>Source\Subsystems</Filter>
    </ClCompile>
    <ClCompile Include="RcsSubsys.cpp">
      <Filter>Source\Subsystems</Filter>
    </ClCompile>
    <ClCompile Include="ScramSubsys.cpp">
      <Filter>Source\Subsystems</Filter>
    </ClCompile>
    <ClCompile Include="ThermalSubsys.cpp">
      <Filter>Source\Subsystems</Filter>
    </ClCompile>
    <ClCompile Include="..\..\Vessel\Common\Instrument.cpp">
      <Filter>Source\Instruments</Filter>
    </ClCompile>
  </ItemGroup>
  <ItemGroup>
    <ClInclude Include="DeltaGlider.h">
      <Filter>Source</Filter>
    </ClInclude>
    <ClInclude Include="dg_vc_anim.h">
      <Filter>Source</Filter>
    </ClInclude>
    <ClInclude Include="resource.h">
      <Filter>Source</Filter>
    </ClInclude>
    <ClInclude Include="DGSwitches.h">
      <Filter>Source\Instruments</Filter>
    </ClInclude>
    <ClInclude Include="FuelMfd.h">
      <Filter>Source\Instruments</Filter>
    </ClInclude>
    <ClInclude Include="Horizon.h">
      <Filter>Source\Instruments</Filter>
    </ClInclude>
    <ClInclude Include="InstrAoa.h">
      <Filter>Source\Instruments</Filter>
    </ClInclude>
    <ClInclude Include="InstrHsi.h">
      <Filter>Source\Instruments</Filter>
    </ClInclude>
    <ClInclude Include="InstrVs.h">
      <Filter>Source\Instruments</Filter>
    </ClInclude>
    <ClInclude Include="MomentInd.h">
      <Filter>Source\Instruments</Filter>
    </ClInclude>
    <ClInclude Include="AAPSubsys.h">
      <Filter>Source\Subsystems</Filter>
    </ClInclude>
    <ClInclude Include="AerodynSubsys.h">
      <Filter>Source\Subsystems</Filter>
    </ClInclude>
    <ClInclude Include="AvionicsSubsys.h">
      <Filter>Source\Subsystems</Filter>
    </ClInclude>
    <ClInclude Include="DGSubsys.h">
      <Filter>Source\Subsystems</Filter>
    </ClInclude>
    <ClInclude Include="DockingSubsys.h">
      <Filter>Source\Subsystems</Filter>
    </ClInclude>
    <ClInclude Include="FailureSubsys.h">
      <Filter>Source\Subsystems</Filter>
    </ClInclude>
    <ClInclude Include="GearSubsys.h">
      <Filter>Source\Subsystems</Filter>
    </ClInclude>
    <ClInclude Include="HoverSubsys.h">
      <Filter>Source\Subsystems</Filter>
    </ClInclude>
    <ClInclude Include="HudCtrl.h">
      <Filter>Source\Subsystems</Filter>
    </ClInclude>
    <ClInclude Include="LightSubsys.h">
      <Filter>Source\Subsystems</Filter>
    </ClInclude>
    <ClInclude Include="MainRetroSubsys.h">
      <Filter>Source\Subsystems</Filter>
    </ClInclude>
    <ClInclude Include="MfdSubsys.h">
      <Filter>Source\Subsystems</Filter>
    </ClInclude>
    <ClInclude Include="PressureSubsys.h">
      <Filter>Source\Subsystems</Filter>
    </ClInclude>
    <ClInclude Include="RcsSubsys.h">
      <Filter>Source\Subsystems</Filter>
    </ClInclude>
    <ClInclude Include="ScramSubsys.h">
      <Filter>Source\Subsystems</Filter>
    </ClInclude>
    <ClInclude Include="ThermalSubsys.h">
      <Filter>Source\Subsystems</Filter>
    </ClInclude>
    <ClInclude Include="..\..\Vessel\Common\Instrument.h">
      <Filter>Source\Instruments</Filter>
    </ClInclude>
  </ItemGroup>
  <ItemGroup>
    <CustomBuild Include="Help\AAP\aap.hhp">
      <Filter>Help</Filter>
    </CustomBuild>
    <CustomBuild Include="Help\DeltaGlider.hhp">
      <Filter>Help</Filter>
    </CustomBuild>
    <CustomBuild Include="Help\DG-S.hhp">
      <Filter>Help</Filter>
    </CustomBuild>
    <CustomBuild Include="Config\Deltaglider.cfg">
      <Filter>Config</Filter>
    </CustomBuild>
    <CustomBuild Include="Config\DG-S.cfg">
      <Filter>Config</Filter>
    </CustomBuild>
    <CustomBuild Include="Meshes\deltaglider.msh">
      <Filter>Meshes</Filter>
    </CustomBuild>
    <CustomBuild Include="Meshes\deltaglider_ns.msh">
      <Filter>Meshes</Filter>
    </CustomBuild>
    <CustomBuild Include="Meshes\deltaglider_vc.msh">
      <Filter>Meshes</Filter>
    </CustomBuild>
    <CustomBuild Include="Meshes\deltaglidercockpit.msh">
      <Filter>Meshes</Filter>
    </CustomBuild>
    <CustomBuild Include="Meshes\dg_2dpanel0.msh">
      <Filter>Meshes</Filter>
    </CustomBuild>
    <CustomBuild Include="Meshes\dg_2dpanel1.msh">
      <Filter>Meshes</Filter>
    </CustomBuild>
    <CustomBuild Include="Scripts\aap.lua">
      <Filter>Script</Filter>
    </CustomBuild>
  </ItemGroup>
</Project>