<?xml version="1.0" encoding="utf-8"?>
<Project ToolsVersion="4.0" xmlns="http://schemas.microsoft.com/developer/msbuild/2003">
  <ItemGroup>
    <Filter Include="Source Files">
      <UniqueIdentifier>{4FC737F1-C7A5-4376-A066-2A32D752A2FF}</UniqueIdentifier>
      <Extensions>cpp;c;cc;cxx;def;odl;idl;hpj;bat;asm;asmx</Extensions>
    </Filter>
    <Filter Include="Header Files">
      <UniqueIdentifier>{93995380-89BD-4b04-88EB-625FBE52EBFB}</UniqueIdentifier>
      <Extensions>h;hh;hpp;hxx;hm;inl;inc;xsd</Extensions>
    </Filter>
    <Filter Include="Resource Files">
      <UniqueIdentifier>{67DA6AB6-F800-4c08-8B7A-83BB121AAD01}</UniqueIdentifier>
      <Extensions>rc;ico;cur;bmp;dlg;rc2;rct;bin;rgs;gif;jpg;jpeg;jpe;resx;tiff;tif;png;wav;mfcribbon-ms</Extensions>
    </Filter>
    <Filter Include="Config Files">
      <UniqueIdentifier>{4f3cd1ac-738d-4b88-a149-ddd2b0f27e09}</UniqueIdentifier>
    </Filter>
  </ItemGroup>
  <ItemGroup>
    <ClInclude Include="targetver.h">
      <Filter>Header Files</Filter>
    </ClInclude>
    <ClInclude Include="XRSoundDLL.h">
      <Filter>Header Files</Filter>
    </ClInclude>
    <ClInclude Include="XRSoundConfigFileParser.h">
      <Filter>Header Files</Filter>
    </ClInclude>
    <ClInclude Include="DefaultSoundGroupPreSteps.h">
      <Filter>Header Files</Filter>
    </ClInclude>
    <ClInclude Include="AnimationState.h">
      <Filter>Header Files</Filter>
    </ClInclude>
    <ClInclude Include="SoundPreSteps.h">
      <Filter>Header Files</Filter>
    </ClInclude>
    <ClInclude Include="resource.h">
      <Filter>Header Files</Filter>
    </ClInclude>
    <ClInclude Include="CStringHasher.h">
      <Filter>Header Files</Filter>
    </ClInclude>
    <ClInclude Include="VesselXRSoundEngine.h">
      <Filter>Header Files</Filter>
    </ClInclude>
    <ClInclude Include="ModuleXRSoundEngine.h">
      <Filter>Header Files</Filter>
    </ClInclude>
    <ClInclude Include="XRSoundEngine.h">
      <Filter>Header Files</Filter>
    </ClInclude>
    <ClInclude Include="XRSoundEngine10.h">
      <Filter>Header Files</Filter>
    </ClInclude>
    <ClInclude Include="XRSoundEngine20.h">
      <Filter>Header Files</Filter>
    </ClInclude>
    <ClInclude Include="..\Utils\ConfigFileParser.h">
      <Filter>Header Files</Filter>
    </ClInclude>
    <ClInclude Include="..\Utils\ConfigFileParserMacros.h">
      <Filter>Header Files</Filter>
    </ClInclude>
    <ClInclude Include="..\Utils\FileList.h">
      <Filter>Header Files</Filter>
    </ClInclude>
    <ClInclude Include="XRSoundEngine30.h">
      <Filter>Header Files</Filter>
    </ClInclude>
  </ItemGroup>
  <ItemGroup>
    <ClCompile Include="XRSoundDLL.cpp">
      <Filter>Source Files</Filter>
    </ClCompile>
    <ClCompile Include="XRSoundEngine.cpp">
      <Filter>Source Files</Filter>
    </ClCompile>
    <ClCompile Include="XRSoundConfigFileParser.cpp">
      <Filter>Source Files</Filter>
    </ClCompile>
    <ClCompile Include="DefaultSoundGroupPreSteps.cpp">
      <Filter>Source Files</Filter>
    </ClCompile>
    <ClCompile Include="SoundPreSteps.cpp">
      <Filter>Source Files</Filter>
    </ClCompile>
    <ClCompile Include="VesselXRSoundEngine.cpp">
      <Filter>Source Files</Filter>
    </ClCompile>
    <ClCompile Include="ModuleXRSoundEngine.cpp">
      <Filter>Source Files</Filter>
    </ClCompile>
    <ClCompile Include="..\Utils\ConfigFileParser.cpp">
      <Filter>Source Files</Filter>
    </ClCompile>
    <ClCompile Include="..\Utils\FileList.cpp">
      <Filter>Source Files</Filter>
    </ClCompile>
    <ClCompile Include="XRSoundEngine30.cpp">
      <Filter>Source Files</Filter>
    </ClCompile>
  </ItemGroup>
  <ItemGroup>
    <None Include="..\..\assets\XRSound\XRSound.cfg">
      <Filter>Config Files</Filter>
    </None>
    <None Include="..\..\assets\XRSound\XRSound-Atlantis.cfg">
      <Filter>Config Files</Filter>
    </None>
    <None Include="..\..\assets\XRSound\XRSound-DeltaGlider.cfg">
      <Filter>Config Files</Filter>
    </None>
    <None Include="..\..\assets\XRSound\XRSound-DG-S.cfg">
      <Filter>Config Files</Filter>
    </None>
    <None Include="..\..\assets\XRSound\XRSound-ShuttleA.cfg">
      <Filter>Config Files</Filter>
    </None>
  </ItemGroup>
  <ItemGroup>
    <ResourceCompile Include="Resource.rc">
      <Filter>Resource Files</Filter>
    </ResourceCompile>
  </ItemGroup>
  <ItemGroup>
    <Text Include="..\..\assets\XRSound\ReadMe.txt">
      <Filter>Config Files</Filter>
    </Text>
  </ItemGroup>
</Project>