
Microsoft Visual Studio Solution File, Format Version 12.00
# Visual Studio 2012
Project("{8BC9CEB8-8B4A-11D0-8D11-00A0C91BC942}") = "GCInfoMFD", "GCInfoMFD.vcxproj", "{FDD37414-3C8F-4322-8B45-BAAEC4B23F38}"
EndProject
Global
	GlobalSection(SolutionConfigurationPlatforms) = preSolution
		Debug|Win32 = Debug|Win32
		Release|Win32 = Release|Win32
	EndGlobalSection
	GlobalSection(ProjectConfigurationPlatforms) = postSolution
		{FDD37414-3C8F-4322-8B45-BAAEC4B23F38}.Debug|Win32.ActiveCfg = Debug|Win32
		{FDD37414-3C8F-4322-8B45-BAAEC4B23F38}.Debug|Win32.Build.0 = Debug|Win32
		{FDD37414-3C8F-4322-8B45-BAAEC4B23F38}.Release|Win32.ActiveCfg = Release|Win32
		{FDD37414-3C8F-4322-8B45-BAAEC4B23F38}.Release|Win32.Build.0 = Release|Win32
	EndGlobalSection
	GlobalSection(SolutionProperties) = preSolution
		HideSolutionNode = FALSE
	EndGlobalSection
EndGlobal
