<?xml version="1.0" encoding="utf-8"?>
<Project ToolsVersion="4.0" xmlns="http://schemas.microsoft.com/developer/msbuild/2003">
  <ItemGroup>
    <Filter Include="Source Files">
      <UniqueIdentifier>{86c9a053-9400-4004-9bec-866f4eccec2c}</UniqueIdentifier>
      <Extensions>cpp;c;cxx;rc;def;r;odl;idl;hpj;bat</Extensions>
    </Filter>
    <Filter Include="Header Files">
      <UniqueIdentifier>{dba77f71-616c-4813-b50d-6acba082a4c5}</UniqueIdentifier>
      <Extensions>h;hpp;hxx;hm;inl</Extensions>
    </Filter>
    <Filter Include="Help">
      <UniqueIdentifier>{6009f3ae-a9a1-459d-b270-62769108f4f7}</UniqueIdentifier>
    </Filter>
  </ItemGroup>
  <ItemGroup>
    <ClCompile Include="LuaInterpreter\Interpreter.cpp">
      <Filter>Source Files</Filter>
    </ClCompile>
    <ClCompile Include="LuaInterpreter\lua_vessel_mtd.cpp">
      <Filter>Source Files</Filter>
    </ClCompile>
  </ItemGroup>
  <ItemGroup>
    <None Include="LuaInterpreter\types.lua">
      <Filter>Help</Filter>
    </None>
    <None Include="LuaInterpreter\config.ld">
      <Filter>Help</Filter>
    </None>
  </ItemGroup>
  <ItemGroup>
    <CustomBuild Include="LuaInterpreter\interpreter.hhp">
      <Filter>Help</Filter>
    </CustomBuild>
    <CustomBuild Include="LuaInterpreter\Interpreter.h">
      <Filter>Header Files</Filter>
    </CustomBuild>
  </ItemGroup>
</Project>