<?xml version="1.0" encoding="utf-8"?>
<Project ToolsVersion="4.0" xmlns="http://schemas.microsoft.com/developer/msbuild/2003">
  <ItemGroup>
    <Filter Include="Source Files">
      <UniqueIdentifier>{ca8ab8e5-cc99-400c-93c7-90a5aa356b54}</UniqueIdentifier>
      <Extensions>cpp;c;cxx;rc;def;r;odl;idl;hpj;bat</Extensions>
    </Filter>
    <Filter Include="Header Files">
      <UniqueIdentifier>{ed33752c-dc5c-4383-8366-52e8e9c074b2}</UniqueIdentifier>
      <Extensions>h;hpp;hxx;hm;inl</Extensions>
    </Filter>
    <Filter Include="Config">
      <UniqueIdentifier>{d3bc664f-70de-49f9-96a3-6caae008031d}</UniqueIdentifier>
    </Filter>
    <Filter Include="Config\Data">
      <UniqueIdentifier>{9058fb3a-f21e-4824-935b-6e118bea2412}</UniqueIdentifier>
    </Filter>
  </ItemGroup>
  <ItemGroup>
    <ClCompile Include="Satsat.cpp">
      <Filter>Source Files</Filter>
    </ClCompile>
    <ClCompile Include="Tass17.cpp">
      <Filter>Source Files</Filter>
    </ClCompile>
  </ItemGroup>
  <ItemGroup>
    <ClInclude Include="Satsat.h">
      <Filter>Header Files</Filter>
    </ClInclude>
  </ItemGroup>
  <ItemGroup>
    <CustomBuild Include="tass17.dat">
      <Filter>Config\Data</Filter>
    </CustomBuild>
  </ItemGroup>
</Project>