
Microsoft Visual Studio Solution File, Format Version 9.00
# Visual Studio 2005
Project("{8BC9CEB8-8B4A-11D0-8D11-00A0C91BC942}") = "Satsat", "Satsat.vcproj", "{425AD20A-0265-454F-AC3D-2F16637A81F9}"
	ProjectSection(WebsiteProperties) = preProject
		Debug.AspNetCompiler.Debug = "True"
		Release.AspNetCompiler.Debug = "False"
	EndProjectSection
EndProject
Project("{8BC9CEB8-8B4A-11D0-8D11-00A0C91BC942}") = "Dione", "Dione\Dione.vcproj", "{4D2824C5-9786-459D-ACB9-B406D9D4B51F}"
	ProjectSection(WebsiteProperties) = preProject
		Debug.AspNetCompiler.Debug = "True"
		Release.AspNetCompiler.Debug = "False"
	EndProjectSection
	ProjectSection(ProjectDependencies) = postProject
		{425AD20A-0265-454F-AC3D-2F16637A81F9} = {425AD20A-0265-454F-AC3D-2F16637A81F9}
	EndProjectSection
EndProject
Project("{8BC9CEB8-8B4A-11D0-8D11-00A0C91BC942}") = "Enceladus", "Enceladus\Enceladus.vcproj", "{5A9E471B-EF9A-4EA2-BD43-1CDFFAA64D29}"
	ProjectSection(WebsiteProperties) = preProject
		Debug.AspNetCompiler.Debug = "True"
		Release.AspNetCompiler.Debug = "False"
	EndProjectSection
	ProjectSection(ProjectDependencies) = postProject
		{425AD20A-0265-454F-AC3D-2F16637A81F9} = {425AD20A-0265-454F-AC3D-2F16637A81F9}
	EndProjectSection
EndProject
Project("{8BC9CEB8-8B4A-11D0-8D11-00A0C91BC942}") = "Hyperion", "Hyperion\Hyperion.vcproj", "{897AFB65-002B-470C-BCB8-9CDA9E1A1F3B}"
	ProjectSection(WebsiteProperties) = preProject
		Debug.AspNetCompiler.Debug = "True"
		Release.AspNetCompiler.Debug = "False"
	EndProjectSection
	ProjectSection(ProjectDependencies) = postProject
		{425AD20A-0265-454F-AC3D-2F16637A81F9} = {425AD20A-0265-454F-AC3D-2F16637A81F9}
	EndProjectSection
EndProject
Project("{8BC9CEB8-8B4A-11D0-8D11-00A0C91BC942}") = "Iapetus", "Iapetus\Iapetus.vcproj", "{769AF247-F486-4DEE-AD03-468927EB5863}"
	ProjectSection(WebsiteProperties) = preProject
		Debug.AspNetCompiler.Debug = "True"
		Release.AspNetCompiler.Debug = "False"
	EndProjectSection
	ProjectSection(ProjectDependencies) = postProject
		{425AD20A-0265-454F-AC3D-2F16637A81F9} = {425AD20A-0265-454F-AC3D-2F16637A81F9}
	EndProjectSection
EndProject
Project("{8BC9CEB8-8B4A-11D0-8D11-00A0C91BC942}") = "Mimas", "Mimas\Mimas.vcproj", "{F6039D06-93F2-4C23-AA7D-609FE7F678D6}"
	ProjectSection(WebsiteProperties) = preProject
		Debug.AspNetCompiler.Debug = "True"
		Release.AspNetCompiler.Debug = "False"
	EndProjectSection
	ProjectSection(ProjectDependencies) = postProject
		{425AD20A-0265-454F-AC3D-2F16637A81F9} = {425AD20A-0265-454F-AC3D-2F16637A81F9}
	EndProjectSection
EndProject
Project("{8BC9CEB8-8B4A-11D0-8D11-00A0C91BC942}") = "Rhea", "Rhea\Rhea.vcproj", "{7D6A011D-02FB-4BB9-A47C-5AFEA107CA01}"
	ProjectSection(WebsiteProperties) = preProject
		Debug.AspNetCompiler.Debug = "True"
		Release.AspNetCompiler.Debug = "False"
	EndProjectSection
	ProjectSection(ProjectDependencies) = postProject
		{425AD20A-0265-454F-AC3D-2F16637A81F9} = {425AD20A-0265-454F-AC3D-2F16637A81F9}
	EndProjectSection
EndProject
Project("{8BC9CEB8-8B4A-11D0-8D11-00A0C91BC942}") = "Tethys", "Tethys\Tethys.vcproj", "{8C322994-6556-4295-9E53-1824BA54A0F2}"
	ProjectSection(WebsiteProperties) = preProject
		Debug.AspNetCompiler.Debug = "True"
		Release.AspNetCompiler.Debug = "False"
	EndProjectSection
	ProjectSection(ProjectDependencies) = postProject
		{425AD20A-0265-454F-AC3D-2F16637A81F9} = {425AD20A-0265-454F-AC3D-2F16637A81F9}
	EndProjectSection
EndProject
Project("{8BC9CEB8-8B4A-11D0-8D11-00A0C91BC942}") = "Titan", "Titan\Titan.vcproj", "{F8B1EA70-7A55-44C9-B451-98743691280C}"
	ProjectSection(WebsiteProperties) = preProject
		Debug.AspNetCompiler.Debug = "True"
		Release.AspNetCompiler.Debug = "False"
	EndProjectSection
	ProjectSection(ProjectDependencies) = postProject
		{425AD20A-0265-454F-AC3D-2F16637A81F9} = {425AD20A-0265-454F-AC3D-2F16637A81F9}
	EndProjectSection
EndProject
Global
	GlobalSection(SolutionConfigurationPlatforms) = preSolution
		Debug|Win32 = Debug|Win32
		Release|Win32 = Release|Win32
	EndGlobalSection
	GlobalSection(ProjectConfigurationPlatforms) = postSolution
		{425AD20A-0265-454F-AC3D-2F16637A81F9}.Debug|Win32.ActiveCfg = Debug|Win32
		{425AD20A-0265-454F-AC3D-2F16637A81F9}.Debug|Win32.Build.0 = Debug|Win32
		{425AD20A-0265-454F-AC3D-2F16637A81F9}.Release|Win32.ActiveCfg = Release|Win32
		{425AD20A-0265-454F-AC3D-2F16637A81F9}.Release|Win32.Build.0 = Release|Win32
		{4D2824C5-9786-459D-ACB9-B406D9D4B51F}.Debug|Win32.ActiveCfg = Debug|Win32
		{4D2824C5-9786-459D-ACB9-B406D9D4B51F}.Debug|Win32.Build.0 = Debug|Win32
		{4D2824C5-9786-459D-ACB9-B406D9D4B51F}.Release|Win32.ActiveCfg = Release|Win32
		{4D2824C5-9786-459D-ACB9-B406D9D4B51F}.Release|Win32.Build.0 = Release|Win32
		{5A9E471B-EF9A-4EA2-BD43-1CDFFAA64D29}.Debug|Win32.ActiveCfg = Debug|Win32
		{5A9E471B-EF9A-4EA2-BD43-1CDFFAA64D29}.Debug|Win32.Build.0 = Debug|Win32
		{5A9E471B-EF9A-4EA2-BD43-1CDFFAA64D29}.Release|Win32.ActiveCfg = Release|Win32
		{5A9E471B-EF9A-4EA2-BD43-1CDFFAA64D29}.Release|Win32.Build.0 = Release|Win32
		{897AFB65-002B-470C-BCB8-9CDA9E1A1F3B}.Debug|Win32.ActiveCfg = Debug|Win32
		{897AFB65-002B-470C-BCB8-9CDA9E1A1F3B}.Debug|Win32.Build.0 = Debug|Win32
		{897AFB65-002B-470C-BCB8-9CDA9E1A1F3B}.Release|Win32.ActiveCfg = Release|Win32
		{897AFB65-002B-470C-BCB8-9CDA9E1A1F3B}.Release|Win32.Build.0 = Release|Win32
		{769AF247-F486-4DEE-AD03-468927EB5863}.Debug|Win32.ActiveCfg = Debug|Win32
		{769AF247-F486-4DEE-AD03-468927EB5863}.Debug|Win32.Build.0 = Debug|Win32
		{769AF247-F486-4DEE-AD03-468927EB5863}.Release|Win32.ActiveCfg = Release|Win32
		{769AF247-F486-4DEE-AD03-468927EB5863}.Release|Win32.Build.0 = Release|Win32
		{F6039D06-93F2-4C23-AA7D-609FE7F678D6}.Debug|Win32.ActiveCfg = Debug|Win32
		{F6039D06-93F2-4C23-AA7D-609FE7F678D6}.Debug|Win32.Build.0 = Debug|Win32
		{F6039D06-93F2-4C23-AA7D-609FE7F678D6}.Release|Win32.ActiveCfg = Release|Win32
		{F6039D06-93F2-4C23-AA7D-609FE7F678D6}.Release|Win32.Build.0 = Release|Win32
		{7D6A011D-02FB-4BB9-A47C-5AFEA107CA01}.Debug|Win32.ActiveCfg = Debug|Win32
		{7D6A011D-02FB-4BB9-A47C-5AFEA107CA01}.Debug|Win32.Build.0 = Debug|Win32
		{7D6A011D-02FB-4BB9-A47C-5AFEA107CA01}.Release|Win32.ActiveCfg = Release|Win32
		{7D6A011D-02FB-4BB9-A47C-5AFEA107CA01}.Release|Win32.Build.0 = Release|Win32
		{8C322994-6556-4295-9E53-1824BA54A0F2}.Debug|Win32.ActiveCfg = Debug|Win32
		{8C322994-6556-4295-9E53-1824BA54A0F2}.Debug|Win32.Build.0 = Debug|Win32
		{8C322994-6556-4295-9E53-1824BA54A0F2}.Release|Win32.ActiveCfg = Release|Win32
		{8C322994-6556-4295-9E53-1824BA54A0F2}.Release|Win32.Build.0 = Release|Win32
		{F8B1EA70-7A55-44C9-B451-98743691280C}.Debug|Win32.ActiveCfg = Debug|Win32
		{F8B1EA70-7A55-44C9-B451-98743691280C}.Debug|Win32.Build.0 = Debug|Win32
		{F8B1EA70-7A55-44C9-B451-98743691280C}.Release|Win32.ActiveCfg = Release|Win32
		{F8B1EA70-7A55-44C9-B451-98743691280C}.Release|Win32.Build.0 = Release|Win32
	EndGlobalSection
	GlobalSection(SolutionProperties) = preSolution
		HideSolutionNode = FALSE
	EndGlobalSection
EndGlobal
