<?xml version="1.0" encoding="utf-8"?>
<Project ToolsVersion="4.0" xmlns="http://schemas.microsoft.com/developer/msbuild/2003">
  <ItemGroup>
    <Filter Include="Source Files">
      <UniqueIdentifier>{f273383e-944c-46ab-bb16-7777b9794d97}</UniqueIdentifier>
      <Extensions>cpp;c;cxx;rc;def;r;odl;idl;hpj;bat</Extensions>
    </Filter>
    <Filter Include="Header Files">
      <UniqueIdentifier>{a5a735a1-0455-47ca-ac39-3ad176b25984}</UniqueIdentifier>
      <Extensions>h;hpp;hxx;hm;inl</Extensions>
    </Filter>
    <Filter Include="Config">
      <UniqueIdentifier>{85bb6379-bb0a-4dc8-a289-cfa8a782a0c2}</UniqueIdentifier>
    </Filter>
    <Filter Include="Config\Data">
      <UniqueIdentifier>{ffe7b6e0-0147-478a-8b92-2d6a267015a4}</UniqueIdentifier>
    </Filter>
    <Filter Include="Config\Marker">
      <UniqueIdentifier>{f316c817-95a7-4925-9878-498f22e3017d}</UniqueIdentifier>
    </Filter>
  </ItemGroup>
  <ItemGroup>
    <ClCompile Include="Venus.cpp">
      <Filter>Source Files</Filter>
    </ClCompile>
  </ItemGroup>
  <ItemGroup>
    <ClInclude Include="Venus.h">
      <Filter>Header Files</Filter>
    </ClInclude>
    <ClInclude Include="Vsop87.h">
      <Filter>Header Files</Filter>
    </ClInclude>
  </ItemGroup>
  <ItemGroup>
    <CustomBuild Include=".\Config\Venus.cfg">
      <Filter>Config</Filter>
    </CustomBuild>
    <CustomBuild Include="..\Data\Vsop87B_ven.dat">
      <Filter>Config\Data</Filter>
    </CustomBuild>
    <CustomBuild Include=".\Config\Venus\Marker\Chasmata.mkr">
      <Filter>Config\Marker</Filter>
    </CustomBuild>
    <CustomBuild Include=".\Config\Venus\Marker\Colles.mkr">
      <Filter>Config\Marker</Filter>
    </CustomBuild>
    <CustomBuild Include=".\Config\Venus\Data\contour.vec">
      <Filter>Config\Data</Filter>
    </CustomBuild>
    <CustomBuild Include=".\Config\Venus\Marker\Coronae.mkr">
      <Filter>Config\Marker</Filter>
    </CustomBuild>
    <CustomBuild Include=".\Config\Venus\Marker\Craters.mkr">
      <Filter>Config\Marker</Filter>
    </CustomBuild>
    <CustomBuild Include=".\Config\Venus\Marker\Dorsa.mkr">
      <Filter>Config\Marker</Filter>
    </CustomBuild>
    <CustomBuild Include=".\Config\Venus\Marker\Farra.mkr">
      <Filter>Config\Marker</Filter>
    </CustomBuild>
    <CustomBuild Include=".\Config\Venus\Marker\Fluctus.mkr">
      <Filter>Config\Marker</Filter>
    </CustomBuild>
    <CustomBuild Include=".\Config\Venus\Marker\Fossae.mkr">
      <Filter>Config\Marker</Filter>
    </CustomBuild>
    <CustomBuild Include=".\Config\Venus\Marker\Labyrinthi.mkr">
      <Filter>Config\Marker</Filter>
    </CustomBuild>
    <CustomBuild Include=".\Config\Venus\Marker\Lineae.mkr">
      <Filter>Config\Marker</Filter>
    </CustomBuild>
    <CustomBuild Include=".\Config\Venus\Marker\Miscellaneous.mkr">
      <Filter>Config\Marker</Filter>
    </CustomBuild>
    <CustomBuild Include=".\Config\Venus\Marker\Montes.mkr">
      <Filter>Config\Marker</Filter>
    </CustomBuild>
    <CustomBuild Include=".\Config\Venus\Marker\Paterae.mkr">
      <Filter>Config\Marker</Filter>
    </CustomBuild>
    <CustomBuild Include=".\Config\Venus\Marker\Plana.mkr">
      <Filter>Config\Marker</Filter>
    </CustomBuild>
    <CustomBuild Include=".\Config\Venus\Marker\Planitiae.mkr">
      <Filter>Config\Marker</Filter>
    </CustomBuild>
    <CustomBuild Include=".\Config\Venus\Marker\Regiones.mkr">
      <Filter>Config\Marker</Filter>
    </CustomBuild>
    <CustomBuild Include=".\Config\Venus\Marker\Rupes.mkr">
      <Filter>Config\Marker</Filter>
    </CustomBuild>
    <CustomBuild Include=".\Config\Venus\Marker\Terrae.mkr">
      <Filter>Config\Marker</Filter>
    </CustomBuild>
    <CustomBuild Include=".\Config\Venus\Marker\Tesserae.mkr">
      <Filter>Config\Marker</Filter>
    </CustomBuild>
    <CustomBuild Include=".\Config\Venus\Marker\Tholi.mkr">
      <Filter>Config\Marker</Filter>
    </CustomBuild>
    <CustomBuild Include=".\Config\Venus\Marker\Undae.mkr">
      <Filter>Config\Marker</Filter>
    </CustomBuild>
    <CustomBuild Include=".\Config\Venus\Marker\Valles.mkr">
      <Filter>Config\Marker</Filter>
    </CustomBuild>
    <CustomBuild Include=".\Config\Venus\Marker\Venus Probes.mkr">
      <Filter>Config\Marker</Filter>
    </CustomBuild>
    <CustomBuild Include=".\Config\Venus\Atmosphere.cfg">
      <Filter>Config</Filter>
    </CustomBuild>
  </ItemGroup>
</Project>