<?xml version="1.0" encoding="utf-8"?>
<Project ToolsVersion="4.0" xmlns="http://schemas.microsoft.com/developer/msbuild/2003">
  <ItemGroup>
    <Filter Include="Source Files">
      <UniqueIdentifier>{a975da63-a287-4c1d-8b8a-cc0533381879}</UniqueIdentifier>
      <Extensions>cpp;c;cxx;rc;def;r;odl;idl;hpj;bat</Extensions>
    </Filter>
    <Filter Include="Header Files">
      <UniqueIdentifier>{d167995e-af69-4315-a1cf-86fa9f5872b7}</UniqueIdentifier>
      <Extensions>h;hpp;hxx;hm;inl</Extensions>
    </Filter>
    <Filter Include="Resource Files">
      <UniqueIdentifier>{d8dac45e-4a4c-4305-8e13-54d4a2fba146}</UniqueIdentifier>
      <Extensions>ico;cur;bmp;dlg;rc2;rct;bin;rgs;gif;jpg;jpeg;jpe</Extensions>
    </Filter>
  </ItemGroup>
  <ItemGroup>
    <ClCompile Include="Camera.cpp">
      <Filter>Source Files</Filter>
    </ClCompile>
    <ClCompile Include="CelSphere.cpp">
      <Filter>Source Files</Filter>
    </ClCompile>
    <ClCompile Include="CloudMgr.cpp">
      <Filter>Source Files</Filter>
    </ClCompile>
    <ClCompile Include="cloudmgr2.cpp">
      <Filter>Source Files</Filter>
    </ClCompile>
    <ClCompile Include="CSphereMgr.cpp">
      <Filter>Source Files</Filter>
    </ClCompile>
    <ClCompile Include="D3D7Client.cpp">
      <Filter>Source Files</Filter>
    </ClCompile>
    <ClCompile Include="D3D7Config.cpp">
      <Filter>Source Files</Filter>
    </ClCompile>
    <ClCompile Include="D3D7Enum.cpp">
      <Filter>Source Files</Filter>
    </ClCompile>
    <ClCompile Include="D3D7Extra.cpp">
      <Filter>Source Files</Filter>
    </ClCompile>
    <ClCompile Include="D3D7Frame.cpp">
      <Filter>Source Files</Filter>
    </ClCompile>
    <ClCompile Include="D3D7Util.cpp">
      <Filter>Source Files</Filter>
    </ClCompile>
    <ClCompile Include="HazeMgr.cpp">
      <Filter>Source Files</Filter>
    </ClCompile>
    <ClCompile Include="Light.cpp">
      <Filter>Source Files</Filter>
    </ClCompile>
    <ClCompile Include="Log.cpp">
      <Filter>Source Files</Filter>
    </ClCompile>
    <ClCompile Include="Mesh.cpp">
      <Filter>Source Files</Filter>
    </ClCompile>
    <ClCompile Include="MeshMgr.cpp">
      <Filter>Source Files</Filter>
    </ClCompile>
    <ClCompile Include="Particle.cpp">
      <Filter>Source Files</Filter>
    </ClCompile>
    <ClCompile Include="RingMgr.cpp">
      <Filter>Source Files</Filter>
    </ClCompile>
    <ClCompile Include="Scene.cpp">
      <Filter>Source Files</Filter>
    </ClCompile>
    <ClCompile Include="spherepatch.cpp">
      <Filter>Source Files</Filter>
    </ClCompile>
    <ClCompile Include="SurfMgr.cpp">
      <Filter>Source Files</Filter>
    </ClCompile>
    <ClCompile Include="surfmgr2.cpp">
      <Filter>Source Files</Filter>
    </ClCompile>
    <ClCompile Include="Texture.cpp">
      <Filter>Source Files</Filter>
    </ClCompile>
    <ClCompile Include="tilelabel.cpp">
      <Filter>Source Files</Filter>
    </ClCompile>
    <ClCompile Include="TileMgr.cpp">
      <Filter>Source Files</Filter>
    </ClCompile>
    <ClCompile Include="tilemgr2.cpp">
      <Filter>Source Files</Filter>
    </ClCompile>
    <ClCompile Include="VBase.cpp">
      <Filter>Source Files</Filter>
    </ClCompile>
    <ClCompile Include="VideoTab.cpp">
      <Filter>Source Files</Filter>
    </ClCompile>
    <ClCompile Include="VObject.cpp">
      <Filter>Source Files</Filter>
    </ClCompile>
    <ClCompile Include="VPlanet.cpp">
      <Filter>Source Files</Filter>
    </ClCompile>
    <ClCompile Include="VStar.cpp">
      <Filter>Source Files</Filter>
    </ClCompile>
    <ClCompile Include="VVessel.cpp">
      <Filter>Source Files</Filter>
    </ClCompile>
    <ClCompile Include="ztreemgr.cpp">
      <Filter>Source Files</Filter>
    </ClCompile>
  </ItemGroup>
  <ItemGroup>
    <ResourceCompile Include="D3D7Client.rc">
      <Filter>Source Files</Filter>
    </ResourceCompile>
  </ItemGroup>
  <ItemGroup>
    <ClInclude Include="Camera.h">
      <Filter>Header Files</Filter>
    </ClInclude>
    <ClInclude Include="CelSphere.h">
      <Filter>Header Files</Filter>
    </ClInclude>
    <ClInclude Include="CloudMgr.h">
      <Filter>Header Files</Filter>
    </ClInclude>
    <ClInclude Include="cloudmgr2.h">
      <Filter>Header Files</Filter>
    </ClInclude>
    <ClInclude Include="CSphereMgr.h">
      <Filter>Header Files</Filter>
    </ClInclude>
    <ClInclude Include="D3D7Client.h">
      <Filter>Header Files</Filter>
    </ClInclude>
    <ClInclude Include="D3D7Config.h">
      <Filter>Header Files</Filter>
    </ClInclude>
    <ClInclude Include="D3D7Enum.h">
      <Filter>Header Files</Filter>
    </ClInclude>
    <ClInclude Include="D3D7Extra.h">
      <Filter>Header Files</Filter>
    </ClInclude>
    <ClInclude Include="D3D7Frame.h">
      <Filter>Header Files</Filter>
    </ClInclude>
    <ClInclude Include="D3D7Util.h">
      <Filter>Header Files</Filter>
    </ClInclude>
    <ClInclude Include="HazeMgr.h">
      <Filter>Header Files</Filter>
    </ClInclude>
    <ClInclude Include="Light.h">
      <Filter>Header Files</Filter>
    </ClInclude>
    <ClInclude Include="Log.h">
      <Filter>Header Files</Filter>
    </ClInclude>
    <ClInclude Include="Mesh.h">
      <Filter>Header Files</Filter>
    </ClInclude>
    <ClInclude Include="MeshMgr.h">
      <Filter>Header Files</Filter>
    </ClInclude>
    <ClInclude Include="Particle.h">
      <Filter>Header Files</Filter>
    </ClInclude>
    <ClInclude Include="qtree.h">
      <Filter>Header Files</Filter>
    </ClInclude>
    <ClInclude Include="resource.h">
      <Filter>Header Files</Filter>
    </ClInclude>
    <ClInclude Include="RingMgr.h">
      <Filter>Header Files</Filter>
    </ClInclude>
    <ClInclude Include="Scene.h">
      <Filter>Header Files</Filter>
    </ClInclude>
    <ClInclude Include="spherepatch.h">
      <Filter>Header Files</Filter>
    </ClInclude>
    <ClInclude Include="SurfMgr.h">
      <Filter>Header Files</Filter>
    </ClInclude>
    <ClInclude Include="surfmgr2.h">
      <Filter>Header Files</Filter>
    </ClInclude>
    <ClInclude Include="Texture.h">
      <Filter>Header Files</Filter>
    </ClInclude>
    <ClInclude Include="tilelabel.h">
      <Filter>Header Files</Filter>
    </ClInclude>
    <ClInclude Include="TileMgr.h">
      <Filter>Header Files</Filter>
    </ClInclude>
    <ClInclude Include="tilemgr2.h">
      <Filter>Header Files</Filter>
    </ClInclude>
    <ClInclude Include="tilemgr2_imp.hpp">
      <Filter>Header Files</Filter>
    </ClInclude>
    <ClInclude Include="VBase.h">
      <Filter>Header Files</Filter>
    </ClInclude>
    <ClInclude Include="VideoTab.h">
      <Filter>Header Files</Filter>
    </ClInclude>
    <ClInclude Include="VObject.h">
      <Filter>Header Files</Filter>
    </ClInclude>
    <ClInclude Include="VPlanet.h">
      <Filter>Header Files</Filter>
    </ClInclude>
    <ClInclude Include="VStar.h">
      <Filter>Header Files</Filter>
    </ClInclude>
    <ClInclude Include="VVessel.h">
      <Filter>Header Files</Filter>
    </ClInclude>
    <ClInclude Include="ztreemgr.h">
      <Filter>Header Files</Filter>
    </ClInclude>
  </ItemGroup>
</Project>