<?xml version="1.0" encoding="utf-8"?>
<Project ToolsVersion="4.0" xmlns="http://schemas.microsoft.com/developer/msbuild/2003">
  <ItemGroup>
    <Filter Include="Meshes">
      <UniqueIdentifier>{a83e3415-6164-41af-98b8-1ebd33ed9a3b}</UniqueIdentifier>
    </Filter>
    <Filter Include="Config">
      <UniqueIdentifier>{7d2123f0-3519-48c2-b17a-323528ece7e4}</UniqueIdentifier>
    </Filter>
  </ItemGroup>
  <ItemGroup>
    <ClCompile Include="ShuttlePB.cpp" />
  </ItemGroup>
  <ItemGroup>
    <CustomBuild Include="Meshes\ShuttlePB.msh">
      <Filter>Meshes</Filter>
    </CustomBuild>
    <CustomBuild Include="Config\ShuttlePB.cfg">
      <Filter>Config</Filter>
    </CustomBuild>
  </ItemGroup>
</Project>