
Microsoft Visual Studio Solution File, Format Version 12.00
# Visual Studio 14
VisualStudioVersion = 14.0.25420.1
MinimumVisualStudioVersion = 10.0.40219.1
Project("{8BC9CEB8-8B4A-11D0-8D11-00A0C91BC942}") = "TransX", "transx.vcxproj", "{DBBECE45-BC45-406F-A8D4-AB6DDAB5898F}"
EndProject
Global
	GlobalSection(SolutionConfigurationPlatforms) = preSolution
		Debug|Win32 = Debug|Win32
		Release|Win32 = Release|Win32
	EndGlobalSection
	GlobalSection(ProjectConfigurationPlatforms) = postSolution
		{DBBECE45-BC45-406F-A8D4-AB6DDAB5898F}.Debug|Win32.ActiveCfg = Debug|Win32
		{DBBECE45-BC45-406F-A8D4-AB6DDAB5898F}.Debug|Win32.Build.0 = Debug|Win32
		{DBBECE45-BC45-406F-A8D4-AB6DDAB5898F}.Release|Win32.ActiveCfg = Release|Win32
		{DBBECE45-BC45-406F-A8D4-AB6DDAB5898F}.Release|Win32.Build.0 = Release|Win32
	EndGlobalSection
	GlobalSection(SolutionProperties) = preSolution
		HideSolutionNode = FALSE
	EndGlobalSection
	GlobalSection(SubversionScc) = preSolution
		Svn-Managed = True
		Manager = AnkhSVN - Subversion Support for Visual Studio
	EndGlobalSection
EndGlobal
