<?xml version="1.0" encoding="utf-8"?>
<Project ToolsVersion="4.0" xmlns="http://schemas.microsoft.com/developer/msbuild/2003">
  <ItemGroup>
    <Filter Include="Source Files">
      <UniqueIdentifier>{fb409099-c039-4dcf-af60-fddfd371e82c}</UniqueIdentifier>
      <Extensions>cpp;c;cxx;rc;def;r;odl;idl;hpj;bat</Extensions>
    </Filter>
    <Filter Include="Header Files">
      <UniqueIdentifier>{ae7fdaaf-de7f-40e5-bb5e-3bcc602789b5}</UniqueIdentifier>
      <Extensions>h;hpp;hxx;hm;inl</Extensions>
    </Filter>
    <Filter Include="Resource Files">
      <UniqueIdentifier>{c9a530e6-e26f-430f-b16f-81d2115d7aea}</UniqueIdentifier>
      <Extensions>ico;cur;bmp;dlg;rc2;rct;bin;rgs;gif;jpg;jpeg;jpe</Extensions>
    </Filter>
  </ItemGroup>
  <ItemGroup>
    <ClCompile Include="basefunction.cpp">
      <Filter>Source Files</Filter>
    </ClCompile>
    <ClCompile Include="doublelink.cpp">
      <Filter>Source Files</Filter>
    </ClCompile>
    <ClCompile Include="globals.cpp">
      <Filter>Source Files</Filter>
    </ClCompile>
    <ClCompile Include="graph.cpp">
      <Filter>Source Files</Filter>
    </ClCompile>
    <ClCompile Include="intercept.cpp">
      <Filter>Source Files</Filter>
    </ClCompile>
    <ClCompile Include="mapfunction.cpp">
      <Filter>Source Files</Filter>
    </ClCompile>
    <ClCompile Include="mfdfunction.cpp">
      <Filter>Source Files</Filter>
    </ClCompile>
    <ClCompile Include="mfdvarhandler.cpp">
      <Filter>Source Files</Filter>
    </ClCompile>
    <ClCompile Include="mfdvariable.cpp">
      <Filter>Source Files</Filter>
    </ClCompile>
    <ClCompile Include="mfdvartypes.cpp">
      <Filter>Source Files</Filter>
    </ClCompile>
    <ClCompile Include="orbitelements.cpp">
      <Filter>Source Files</Filter>
    </ClCompile>
    <ClCompile Include="parser.cpp">
      <Filter>Source Files</Filter>
    </ClCompile>
    <ClCompile Include="planfunction.cpp">
      <Filter>Source Files</Filter>
    </ClCompile>
    <ClCompile Include="shiplist.cpp">
      <Filter>Source Files</Filter>
    </ClCompile>
    <ClCompile Include="transx.cpp">
      <Filter>Source Files</Filter>
    </ClCompile>
    <ClCompile Include="TransXFunction.cpp">
      <Filter>Source Files</Filter>
    </ClCompile>
    <ClCompile Include="transxstate.cpp">
      <Filter>Source Files</Filter>
    </ClCompile>
    <ClCompile Include="viewstate.cpp">
      <Filter>Source Files</Filter>
    </ClCompile>
  </ItemGroup>
  <ItemGroup>
    <ClInclude Include="basefunction.h">
      <Filter>Header Files</Filter>
    </ClInclude>
    <ClInclude Include="cmdnugget.h">
      <Filter>Header Files</Filter>
    </ClInclude>
    <ClInclude Include="doublelink.h">
      <Filter>Header Files</Filter>
    </ClInclude>
    <ClInclude Include="graph.h">
      <Filter>Header Files</Filter>
    </ClInclude>
    <ClInclude Include="intercept.h">
      <Filter>Header Files</Filter>
    </ClInclude>
    <ClInclude Include="mapfunction.h">
      <Filter>Header Files</Filter>
    </ClInclude>
    <ClInclude Include="mfd.h">
      <Filter>Header Files</Filter>
    </ClInclude>
    <ClInclude Include="mfdfunction.h">
      <Filter>Header Files</Filter>
    </ClInclude>
    <ClInclude Include="mfdvarhandler.h">
      <Filter>Header Files</Filter>
    </ClInclude>
    <ClInclude Include="mfdvariable.h">
      <Filter>Header Files</Filter>
    </ClInclude>
    <ClInclude Include="mfdvartypes.h">
      <Filter>Header Files</Filter>
    </ClInclude>
    <ClInclude Include="orbitelements.h">
      <Filter>Header Files</Filter>
    </ClInclude>
    <ClInclude Include="parser.h">
      <Filter>Header Files</Filter>
    </ClInclude>
    <ClInclude Include="planfunction.h">
      <Filter>Header Files</Filter>
    </ClInclude>
    <ClInclude Include="resource.h">
      <Filter>Header Files</Filter>
    </ClInclude>
    <ClInclude Include="shiplist.h">
      <Filter>Header Files</Filter>
    </ClInclude>
    <ClInclude Include="transx.h">
      <Filter>Header Files</Filter>
    </ClInclude>
    <ClInclude Include="TransXFunction.h">
      <Filter>Header Files</Filter>
    </ClInclude>
    <ClInclude Include="transxstate.h">
      <Filter>Header Files</Filter>
    </ClInclude>
    <ClInclude Include="viewstate.h">
      <Filter>Header Files</Filter>
    </ClInclude>
  </ItemGroup>
  <ItemGroup>
    <ResourceCompile Include="TransX.rc">
      <Filter>Resource Files</Filter>
    </ResourceCompile>
  </ItemGroup>
</Project>