<?xml version="1.0" encoding="utf-8"?>
<Project ToolsVersion="4.0" xmlns="http://schemas.microsoft.com/developer/msbuild/2003">
  <ItemGroup>
    <Filter Include="Source Files">
      <UniqueIdentifier>{865f1975-f740-458c-8e49-9290a05f8943}</UniqueIdentifier>
      <Extensions>cpp;c;cxx;rc;def;r;odl;idl;hpj;bat</Extensions>
    </Filter>
    <Filter Include="Header Files">
      <UniqueIdentifier>{850d0cdb-c1a4-457f-82dd-7e6309f275a5}</UniqueIdentifier>
      <Extensions>h;hpp;hxx;hm;inl</Extensions>
    </Filter>
    <Filter Include="Config">
      <UniqueIdentifier>{df0b2758-d19b-4cf0-8452-a2ebad6b3ec6}</UniqueIdentifier>
    </Filter>
    <Filter Include="Config\Marker">
      <UniqueIdentifier>{215ecb33-68cf-431d-9d3b-3e7cb97fa443}</UniqueIdentifier>
    </Filter>
  </ItemGroup>
  <ItemGroup>
    <ClCompile Include="Europa.cpp">
      <Filter>Source Files</Filter>
    </ClCompile>
  </ItemGroup>
  <ItemGroup>
    <ClInclude Include="Galsat.h">
      <Filter>Header Files</Filter>
    </ClInclude>
  </ItemGroup>
  <ItemGroup>
    <CustomBuild Include="Config\Europa\Marker\Chaos.mkr">
      <Filter>Config\Marker</Filter>
    </CustomBuild>
    <CustomBuild Include="Config\Europa\Marker\Craters.mkr">
      <Filter>Config\Marker</Filter>
    </CustomBuild>
    <CustomBuild Include="Config\Europa\Marker\Flexus.mkr">
      <Filter>Config\Marker</Filter>
    </CustomBuild>
    <CustomBuild Include="Config\Europa\Marker\Large ringed features.mkr">
      <Filter>Config\Marker</Filter>
    </CustomBuild>
    <CustomBuild Include="Config\Europa\Marker\Lineae.mkr">
      <Filter>Config\Marker</Filter>
    </CustomBuild>
    <CustomBuild Include="Config\Europa\Marker\Maculae.mkr">
      <Filter>Config\Marker</Filter>
    </CustomBuild>
    <CustomBuild Include="Config\Europa\Marker\Regiones.mkr">
      <Filter>Config\Marker</Filter>
    </CustomBuild>
    <CustomBuild Include="Config\Europa.cfg">
      <Filter>Config</Filter>
    </CustomBuild>
  </ItemGroup>
</Project>