<?xml version="1.0" encoding="utf-8"?>
<Project ToolsVersion="4.0" xmlns="http://schemas.microsoft.com/developer/msbuild/2003">
  <ItemGroup>
    <Filter Include="Meshes">
      <UniqueIdentifier>{7cb488e1-c4be-4d41-8339-1054b6c1934e}</UniqueIdentifier>
    </Filter>
    <Filter Include="Config">
      <UniqueIdentifier>{11571bd1-76ad-47e5-b647-b392a38fa155}</UniqueIdentifier>
    </Filter>
  </ItemGroup>
  <ItemGroup>
    <ClCompile Include="Atlantis_Tank\Atlantis_Tank.cpp" />
  </ItemGroup>
  <ItemGroup>
    <CustomBuild Include="Meshes\Atlantis_tank.msh">
      <Filter>Meshes</Filter>
    </CustomBuild>
    <CustomBuild Include="Config\Atlantis_Tank.cfg">
      <Filter>Config</Filter>
    </CustomBuild>
  </ItemGroup>
</Project>