<?xml version="1.0" encoding="utf-8"?>
<Project ToolsVersion="4.0" xmlns="http://schemas.microsoft.com/developer/msbuild/2003">
  <ItemGroup>
    <Filter Include="Meshes">
      <UniqueIdentifier>{f93a6490-ac98-4407-a677-cd4fab607165}</UniqueIdentifier>
    </Filter>
    <Filter Include="Config">
      <UniqueIdentifier>{697c6aa6-4966-4a13-9114-46cd2e8fb508}</UniqueIdentifier>
    </Filter>
  </ItemGroup>
  <ItemGroup>
    <ClCompile Include="Atlantis_SRB\Atlantis_SRB.cpp" />
    <ClCompile Include="Common.cpp" />
  </ItemGroup>
  <ItemGroup>
    <CustomBuild Include="Meshes\Atlantis_SRB.msh">
      <Filter>Meshes</Filter>
    </CustomBuild>
    <CustomBuild Include="Config\Atlantis_SRB.cfg">
      <Filter>Config</Filter>
    </CustomBuild>
  </ItemGroup>
</Project>