<?xml version="1.0" encoding="utf-8"?>
<Project ToolsVersion="4.0" xmlns="http://schemas.microsoft.com/developer/msbuild/2003">
  <ItemGroup>
    <Filter Include="Icons">
      <UniqueIdentifier>{1f42a0b6-e454-4a0a-b864-f5831f788798}</UniqueIdentifier>
    </Filter>
    <Filter Include="Resource Files">
      <UniqueIdentifier>{92f8c1a4-3fb5-484f-bed3-9eaa07991037}</UniqueIdentifier>
    </Filter>
    <Filter Include="Meshes">
      <UniqueIdentifier>{1671caa0-73f8-4ec3-a629-6cf08f086f57}</UniqueIdentifier>
    </Filter>
    <Filter Include="Config">
      <UniqueIdentifier>{abcc218f-4785-4cee-9b91-82520396e220}</UniqueIdentifier>
    </Filter>
    <Filter Include="Help">
      <UniqueIdentifier>{c233f7ee-de30-4abd-8be4-40f90627e72c}</UniqueIdentifier>
    </Filter>
    <Filter Include="Help\Source Files">
      <UniqueIdentifier>{7084d748-264e-48e4-a7ea-9ea75d8c9aba}</UniqueIdentifier>
    </Filter>
  </ItemGroup>
  <ItemGroup>
    <Image Include="Atlantis\down.ico">
      <Filter>Icons</Filter>
    </Image>
    <Image Include="Atlantis\ico00001.ico">
      <Filter>Icons</Filter>
    </Image>
    <Image Include="Atlantis\ico00002.ico">
      <Filter>Icons</Filter>
    </Image>
    <Image Include="Atlantis\ico00003.ico">
      <Filter>Icons</Filter>
    </Image>
    <Image Include="Atlantis\ico00004.ico">
      <Filter>Icons</Filter>
    </Image>
    <Image Include="Atlantis\icon1.ico">
      <Filter>Icons</Filter>
    </Image>
    <Image Include="Bitmaps\tkbk_label.bmp" />
  </ItemGroup>
  <ItemGroup>
    <ResourceCompile Include="Atlantis\Atlantis.rc">
      <Filter>Resource Files</Filter>
    </ResourceCompile>
  </ItemGroup>
  <ItemGroup>
    <None Include="Help\Atlantis.hhc">
      <Filter>Help\Source Files</Filter>
    </None>
    <None Include="Help\Atlantis.hhk">
      <Filter>Help\Source Files</Filter>
    </None>
    <None Include="Help\Atlantis.htm">
      <Filter>Help\Source Files</Filter>
    </None>
    <None Include="Help\BaydoorOp.htm">
      <Filter>Help\Source Files</Filter>
    </None>
    <None Include="Help\BayOp.htm">
      <Filter>Help\Source Files</Filter>
    </None>
    <None Include="Help\KubandOp.htm">
      <Filter>Help\Source Files</Filter>
    </None>
    <None Include="Help\RadiatorOp.htm">
      <Filter>Help\Source Files</Filter>
    </None>
  </ItemGroup>
  <ItemGroup>
    <ClCompile Include="Atlantis\AscentAP.cpp" />
    <ClCompile Include="Atlantis\Atlantis.cpp" />
    <ClCompile Include="Common.cpp" />
    <ClCompile Include="Atlantis\PlBayOp.cpp" />
    <ClCompile Include="..\..\Module\Common\Dialog\Graph.cpp" />
    <ClCompile Include="..\..\Module\Common\Dialog\TabDlg.cpp" />
  </ItemGroup>
  <ItemGroup>
    <ClInclude Include="Atlantis\AscentAP.h" />
    <ClInclude Include="Atlantis\Atlantis.h" />
    <ClInclude Include="Atlantis\meshres.h" />
    <ClInclude Include="Atlantis\meshres_vc.h" />
    <ClInclude Include="Atlantis\PlBayOp.h" />
    <ClInclude Include="Atlantis\resource.h" />
    <ClInclude Include="..\..\Module\Common\Dialog\Graph.h" />
    <ClInclude Include="..\..\Module\Common\Dialog\TabDlg.h" />
  </ItemGroup>
  <ItemGroup>
    <CustomBuild Include="Meshes\Atlantis.msh">
      <Filter>Meshes</Filter>
    </CustomBuild>
    <CustomBuild Include="Meshes\AtlantisCockpit.msh">
      <Filter>Meshes</Filter>
    </CustomBuild>
    <CustomBuild Include="Meshes\AtlantisVC.msh">
      <Filter>Meshes</Filter>
    </CustomBuild>
    <CustomBuild Include="Meshes\~AtlantisVC_lo.msh">
      <Filter>Meshes</Filter>
    </CustomBuild>
    <CustomBuild Include="Config\Atlantis.cfg">
      <Filter>Config</Filter>
    </CustomBuild>
    <CustomBuild Include="Help\Atlantis.hhp">
      <Filter>Help</Filter>
    </CustomBuild>
  </ItemGroup>
</Project>