
Microsoft Visual Studio Solution File, Format Version 12.00
# Visual Studio Version 16
VisualStudioVersion = 16.0.31515.178
MinimumVisualStudioVersion = 10.0.40219.1
Project("{FAE04EC0-301F-11D3-BF4B-00C04F79EFBC}") = "InterfaceBuilder", "InterfaceBuilder.csproj", "{8EA91FF0-7996-4F0A-BB16-5164286A04AF}"
EndProject
Global
	GlobalSection(SolutionConfigurationPlatforms) = preSolution
		Debug|Any CPU = Debug|Any CPU
		Release|Any CPU = Release|Any CPU
	EndGlobalSection
	GlobalSection(ProjectConfigurationPlatforms) = postSolution
		{8EA91FF0-7996-4F0A-BB16-5164286A04AF}.Debug|Any CPU.ActiveCfg = Debug|Any CPU
		{8EA91FF0-7996-4F0A-BB16-5164286A04AF}.Debug|Any CPU.Build.0 = Debug|Any CPU
		{8EA91FF0-7996-4F0A-BB16-5164286A04AF}.Release|Any CPU.ActiveCfg = Release|Any CPU
		{8EA91FF0-7996-4F0A-BB16-5164286A04AF}.Release|Any CPU.Build.0 = Release|Any CPU
	EndGlobalSection
	GlobalSection(SolutionProperties) = preSolution
		HideSolutionNode = FALSE
	EndGlobalSection
	GlobalSection(ExtensibilityGlobals) = postSolution
		SolutionGuid = {8AE2BE75-A8BA-4720-96F5-378913884027}
	EndGlobalSection
EndGlobal
