<?xml version="1.0" encoding="utf-8"?>
<Project ToolsVersion="4.0" xmlns="http://schemas.microsoft.com/developer/msbuild/2003">
  <ItemGroup>
    <Filter Include="Source Files">
      <UniqueIdentifier>{f48afca7-db76-474e-a649-3b21e88247bb}</UniqueIdentifier>
      <Extensions>cpp;c;cxx;rc;def;r;odl;idl;hpj;bat</Extensions>
    </Filter>
    <Filter Include="Header Files">
      <UniqueIdentifier>{2c05a57b-f870-4f05-9a71-225af2e3ccce}</UniqueIdentifier>
      <Extensions>h;hpp;hxx;hm;inl</Extensions>
    </Filter>
    <Filter Include="Config">
      <UniqueIdentifier>{85e66a26-07ff-4ada-98a5-f201666c2239}</UniqueIdentifier>
    </Filter>
    <Filter Include="Config\Data">
      <UniqueIdentifier>{b3762a94-d01d-42d8-9cd4-5beee10830c1}</UniqueIdentifier>
    </Filter>
  </ItemGroup>
  <ItemGroup>
    <ClCompile Include="Neptune.cpp">
      <Filter>Source Files</Filter>
    </ClCompile>
  </ItemGroup>
  <ItemGroup>
    <ClInclude Include="Neptune.h">
      <Filter>Header Files</Filter>
    </ClInclude>
    <ClInclude Include="Vsop87.h">
      <Filter>Header Files</Filter>
    </ClInclude>
  </ItemGroup>
  <ItemGroup>
    <CustomBuild Include="Config\Neptune.cfg">
      <Filter>Config</Filter>
    </CustomBuild>
    <CustomBuild Include="..\Data\Vsop87B_nep.dat">
      <Filter>Config\Data</Filter>
    </CustomBuild>
  </ItemGroup>
</Project>