<?xml version="1.0" encoding="utf-8"?>
<Project ToolsVersion="4.0" xmlns="http://schemas.microsoft.com/developer/msbuild/2003">
  <ItemGroup>
    <Filter Include="Technotes">
      <UniqueIdentifier>{171283af-cfb7-493e-b175-e114878543f7}</UniqueIdentifier>
    </Filter>
    <Filter Include="Scenery">
      <UniqueIdentifier>{69a5489d-444f-437f-8d1f-ccb14721b0d9}</UniqueIdentifier>
    </Filter>
    <Filter Include="TransX">
      <UniqueIdentifier>{7b2c0c5c-9a35-44b5-83b5-5c3923295042}</UniqueIdentifier>
    </Filter>
  </ItemGroup>
  <ItemGroup>
    <CustomBuild Include="Technotes\composite\composite.tex">
      <Filter>Technotes</Filter>
    </CustomBuild>
    <CustomBuild Include="Technotes\distmass\distmass.tex">
      <Filter>Technotes</Filter>
    </CustomBuild>
    <CustomBuild Include="Technotes\dynamics\dynamics.tex">
      <Filter>Technotes</Filter>
    </CustomBuild>
    <CustomBuild Include="Technotes\earth_atm\earth_atm.tex">
      <Filter>Technotes</Filter>
    </CustomBuild>
    <CustomBuild Include="Technotes\gravity\gravity.tex">
      <Filter>Technotes</Filter>
    </CustomBuild>
    <CustomBuild Include="Technotes\lighting\lighting.tex">
      <Filter>Technotes</Filter>
    </CustomBuild>
    <CustomBuild Include="Technotes\precession\precession.tex">
      <Filter>Technotes</Filter>
    </CustomBuild>
    <CustomBuild Include="Technotes\RecorderRef.doc">
      <Filter>Technotes</Filter>
    </CustomBuild>
    <CustomBuild Include="Scenery\AntelopeValley\AntelopeValleyScn.odt">
      <Filter>Scenery</Filter>
    </CustomBuild>
    <CustomBuild Include="TransX\deepspacemanual.pdf">
      <Filter>TransX</Filter>
    </CustomBuild>
    <CustomBuild Include="TransX\TransX Licence.txt">
      <Filter>TransX</Filter>
    </CustomBuild>
    <CustomBuild Include="TransX\TransX quickstart.pdf">
      <Filter>TransX</Filter>
    </CustomBuild>
    <CustomBuild Include="TransX\TransX readme.txt">
      <Filter>TransX</Filter>
    </CustomBuild>
    <CustomBuild Include="TransX\TransXmanualv3.pdf">
      <Filter>TransX</Filter>
    </CustomBuild>
    <CustomBuild Include="Atlantis.odt" />
    <CustomBuild Include="Atlantis_MMU_Sat_30.pdf" />
    <CustomBuild Include="Change.doc" />
    <CustomBuild Include="Credit.doc" />
    <CustomBuild Include="DeltaGlider.odt" />
    <CustomBuild Include="Dragonfly.pdf" />
    <CustomBuild Include="Orbiter.odt" />
    <CustomBuild Include="OrbiterConfig.doc" />
    <CustomBuild Include="PlanetTextures.odt" />
    <CustomBuild Include="ScenarioEditor.doc" />
    <CustomBuild Include="ShuttleA.doc" />
  </ItemGroup>
</Project>