<?xml version="1.0" encoding="utf-8"?>
<Project ToolsVersion="4.0" xmlns="http://schemas.microsoft.com/developer/msbuild/2003">
  <ItemGroup>
    <Filter Include="Source Files">
      <UniqueIdentifier>{4FC737F1-C7A5-4376-A066-2A32D752A2FF}</UniqueIdentifier>
      <Extensions>cpp;c;cc;cxx;def;odl;idl;hpj;bat;asm;asmx</Extensions>
    </Filter>
    <Filter Include="Header Files">
      <UniqueIdentifier>{93995380-89BD-4b04-88EB-625FBE52EBFB}</UniqueIdentifier>
      <Extensions>h;hh;hpp;hxx;hm;inl;inc;xsd</Extensions>
    </Filter>
    <Filter Include="Resource Files">
      <UniqueIdentifier>{67DA6AB6-F800-4c08-8B7A-83BB121AAD01}</UniqueIdentifier>
      <Extensions>rc;ico;cur;bmp;dlg;rc2;rct;bin;rgs;gif;jpg;jpeg;jpe;resx;tiff;tif;png;wav;mfcribbon-ms</Extensions>
    </Filter>
    <Filter Include="Meshes">
      <UniqueIdentifier>{c4d977b2-ce29-486b-a5f3-fb5729771fc3}</UniqueIdentifier>
    </Filter>
    <Filter Include="Config">
      <UniqueIdentifier>{4ef37c29-7632-4e92-9763-0f14def857ef}</UniqueIdentifier>
    </Filter>
  </ItemGroup>
  <ItemGroup>
    <ClInclude Include="Quadcopter.h">
      <Filter>Header Files</Filter>
    </ClInclude>
    <ClInclude Include="..\Common\Instrument.h">
      <Filter>Header Files</Filter>
    </ClInclude>
    <ClInclude Include="PropulsionSubsys.h">
      <Filter>Header Files</Filter>
    </ClInclude>
    <ClInclude Include="QuadcopterSubsys.h">
      <Filter>Header Files</Filter>
    </ClInclude>
    <ClInclude Include="QuadcopterLua.h">
      <Filter>Header Files</Filter>
    </ClInclude>
  </ItemGroup>
  <ItemGroup>
    <ClCompile Include="Quadcopter.cpp">
      <Filter>Source Files</Filter>
    </ClCompile>
    <ClCompile Include="..\Common\Instrument.cpp">
      <Filter>Source Files</Filter>
    </ClCompile>
    <ClCompile Include="QuadcopterSubsys.cpp">
      <Filter>Source Files</Filter>
    </ClCompile>
    <ClCompile Include="PropulsionSubsys.cpp">
      <Filter>Source Files</Filter>
    </ClCompile>
    <ClCompile Include="QuadcopterLua.cpp">
      <Filter>Source Files</Filter>
    </ClCompile>
  </ItemGroup>
  <ItemGroup>
    <CustomBuild Include="Config\Quadcopter.cfg">
      <Filter>Config</Filter>
    </CustomBuild>
    <CustomBuild Include="Meshes\quadcopter.msh">
      <Filter>Meshes</Filter>
    </CustomBuild>
  </ItemGroup>
</Project>