
Microsoft Visual Studio Solution File, Format Version 12.00
# Visual Studio 15
VisualStudioVersion = 15.0.28307.1000
MinimumVisualStudioVersion = 10.0.40219.1
Project("{8BC9CEB8-8B4A-11D0-8D11-00A0C91BC942}") = "Orbits", "Orbits.vcxproj", "{F53634F8-225E-4AC8-A07A-BC9501C58F9C}"
EndProject
Project("{8BC9CEB8-8B4A-11D0-8D11-00A0C91BC942}") = "gcAPI", "..\..\D3D9Client\gcAPI\gcAPI.vs201x.vcxproj", "{11510222-2A76-4B4D-81D5-AFAC25191D7B}"
EndProject
Global
	GlobalSection(SolutionConfigurationPlatforms) = preSolution
		Debug|Win32 = Debug|Win32
		Release|Win32 = Release|Win32
	EndGlobalSection
	GlobalSection(ProjectConfigurationPlatforms) = postSolution
		{F53634F8-225E-4AC8-A07A-BC9501C58F9C}.Debug|Win32.ActiveCfg = Debug|Win32
		{F53634F8-225E-4AC8-A07A-BC9501C58F9C}.Debug|Win32.Build.0 = Debug|Win32
		{F53634F8-225E-4AC8-A07A-BC9501C58F9C}.Release|Win32.ActiveCfg = Release|Win32
		{F53634F8-225E-4AC8-A07A-BC9501C58F9C}.Release|Win32.Build.0 = Release|Win32
		{11510222-2A76-4B4D-81D5-AFAC25191D7B}.Debug|Win32.ActiveCfg = Debug|Win32
		{11510222-2A76-4B4D-81D5-AFAC25191D7B}.Debug|Win32.Build.0 = Debug|Win32
		{11510222-2A76-4B4D-81D5-AFAC25191D7B}.Release|Win32.ActiveCfg = Release|Win32
	EndGlobalSection
	GlobalSection(SolutionProperties) = preSolution
		HideSolutionNode = FALSE
	EndGlobalSection
	GlobalSection(ExtensibilityGlobals) = postSolution
		SolutionGuid = {E5C2B1AA-5400-46BE-B1F8-6889880BB45A}
	EndGlobalSection
EndGlobal
