<?xml version="1.0" encoding="utf-8"?>
<Project ToolsVersion="4.0" xmlns="http://schemas.microsoft.com/developer/msbuild/2003">
  <ItemGroup>
    <Filter Include="Source Files">
      <UniqueIdentifier>{f6a07cb5-bccd-479b-9630-04c726b2ad87}</UniqueIdentifier>
      <Extensions>cpp;c;cxx;rc;def;r;odl;idl;hpj;bat</Extensions>
    </Filter>
    <Filter Include="Config">
      <UniqueIdentifier>{de3755a6-9673-4b1e-98e7-38c63b983e9e}</UniqueIdentifier>
    </Filter>
  </ItemGroup>
  <ItemGroup>
    <ClCompile Include="Hyperion.cpp">
      <Filter>Source Files</Filter>
    </ClCompile>
  </ItemGroup>
  <ItemGroup>
    <CustomBuild Include="Config\Hyperion.cfg">
      <Filter>Config</Filter>
    </CustomBuild>
    <CustomBuild Include="Config\Hyperion\Label.cfg">
      <Filter>Config</Filter>
    </CustomBuild>
  </ItemGroup>
</Project>