<?xml version="1.0" encoding="utf-8"?>
<Project ToolsVersion="4.0" xmlns="http://schemas.microsoft.com/developer/msbuild/2003">
  <ItemGroup>
    <Filter Include="Meshes">
      <UniqueIdentifier>{a186b057-3810-44ab-8345-d09e59a627f7}</UniqueIdentifier>
    </Filter>
    <Filter Include="Config">
      <UniqueIdentifier>{e482e277-6dfb-4609-bca6-1a88eabbc123}</UniqueIdentifier>
    </Filter>
  </ItemGroup>
  <ItemGroup>
    <ClCompile Include="ShuttleA_PL\ShuttleA_pl.cpp" />
  </ItemGroup>
  <ItemGroup>
    <ClInclude Include="ShuttleA_PL\ShuttleA_pl.h" />
  </ItemGroup>
  <ItemGroup>
    <CustomBuild Include="Meshes\ShuttleA_chmain.msh">
      <Filter>Meshes</Filter>
    </CustomBuild>
    <CustomBuild Include="Meshes\ShuttleA_chpr.msh">
      <Filter>Meshes</Filter>
    </CustomBuild>
    <CustomBuild Include="Meshes\ShuttleA_pl.msh">
      <Filter>Meshes</Filter>
    </CustomBuild>
    <CustomBuild Include="ShuttleA_PL\Config\ShuttleA_pl.cfg">
      <Filter>Config</Filter>
    </CustomBuild>
  </ItemGroup>
</Project>