<?xml version="1.0" encoding="utf-8"?>
<Project ToolsVersion="4.0" xmlns="http://schemas.microsoft.com/developer/msbuild/2003">
  <ItemGroup>
    <Filter Include="Source Files">
      <UniqueIdentifier>{7f643653-a229-44e9-a279-03bcd1bd5c32}</UniqueIdentifier>
      <Extensions>cpp;c;cxx;rc;def;r;odl;idl;hpj;bat</Extensions>
    </Filter>
    <Filter Include="Header Files">
      <UniqueIdentifier>{3fe0e6ba-c88b-4a9b-ba68-a2acf0d7f46a}</UniqueIdentifier>
      <Extensions>h;hpp;hxx;hm;inl</Extensions>
    </Filter>
    <Filter Include="Resource Files">
      <UniqueIdentifier>{de5e5a9f-2a2f-4ae2-b7bc-4b0ed7850157}</UniqueIdentifier>
      <Extensions>ico;cur;bmp;dlg;rc2;rct;bin;rgs;gif;jpg;jpeg;jpe</Extensions>
    </Filter>
  </ItemGroup>
  <ItemGroup>
    <ClCompile Include="NPClientWraps.cpp">
      <Filter>Source Files</Filter>
    </ClCompile>
    <ClCompile Include="TrackIR.cpp">
      <Filter>Source Files</Filter>
    </ClCompile>
    <ClCompile Include="TrackIRconfig.cpp">
      <Filter>Source Files</Filter>
    </ClCompile>
  </ItemGroup>
  <ItemGroup>
    <ResourceCompile Include="TrackIR.rc">
      <Filter>Source Files</Filter>
    </ResourceCompile>
  </ItemGroup>
  <ItemGroup>
    <ClInclude Include="NPClient.h">
      <Filter>Header Files</Filter>
    </ClInclude>
    <ClInclude Include="NPClientWraps.h">
      <Filter>Header Files</Filter>
    </ClInclude>
    <ClInclude Include="resource.h">
      <Filter>Header Files</Filter>
    </ClInclude>
    <ClInclude Include="TrackIR.h">
      <Filter>Header Files</Filter>
    </ClInclude>
    <ClInclude Include="TrackIRconfig.h">
      <Filter>Header Files</Filter>
    </ClInclude>
  </ItemGroup>
</Project>