Microsoft Visual Studio Solution File, Format Version 12.00
# Visual Studio 14
VisualStudioVersion = 14.0.25123.0
MinimumVisualStudioVersion = 10.0.40219.1
Project("{8BC9CEB8-8B4A-11D0-8D11-00A0C91BC942}") = "D3D9Client", "D3D9ClientVS2015.vcxproj", "{5B2C5D1A-7B8E-4343-BC33-836ABD122D3A}"
EndProject
Project("{8BC9CEB8-8B4A-11D0-8D11-00A0C91BC942}") = "gcAPI", "gcAPI\gcAPI.vcxproj", "{11510222-2A76-4B4D-81D5-AFAC25191D7B}"
EndProject
Global
	GlobalSection(SolutionConfigurationPlatforms) = preSolution
		Debug|Win32 = Debug|Win32
		Debug|x64 = Debug|x64
		Release|Win32 = Release|Win32
		Release|x64 = Release|x64
	EndGlobalSection
	GlobalSection(ProjectConfigurationPlatforms) = postSolution
		{5B2C5D1A-7B8E-4343-BC33-836ABD122D3A}.Debug|Win32.ActiveCfg = Debug|Win32
		{5B2C5D1A-7B8E-4343-BC33-836ABD122D3A}.Debug|Win32.Build.0 = Debug|Win32
		{5B2C5D1A-7B8E-4343-BC33-836ABD122D3A}.Debug|x64.ActiveCfg = Debug|Win32
		{5B2C5D1A-7B8E-4343-BC33-836ABD122D3A}.Release|Win32.ActiveCfg = Release|Win32
		{5B2C5D1A-7B8E-4343-BC33-836ABD122D3A}.Release|Win32.Build.0 = Release|Win32
		{5B2C5D1A-7B8E-4343-BC33-836ABD122D3A}.Release|x64.ActiveCfg = Release|Win32
		{11510222-2A76-4B4D-81D5-AFAC25191D7B}.Debug|Win32.ActiveCfg = Release|Win32
		{11510222-2A76-4B4D-81D5-AFAC25191D7B}.Debug|Win32.Build.0 = Release|Win32
		{11510222-2A76-4B4D-81D5-AFAC25191D7B}.Debug|x64.ActiveCfg = Debug|x64
		{11510222-2A76-4B4D-81D5-AFAC25191D7B}.Debug|x64.Build.0 = Debug|x64
		{11510222-2A76-4B4D-81D5-AFAC25191D7B}.Release|Win32.ActiveCfg = Release|Win32
		{11510222-2A76-4B4D-81D5-AFAC25191D7B}.Release|Win32.Build.0 = Release|Win32
		{11510222-2A76-4B4D-81D5-AFAC25191D7B}.Release|x64.ActiveCfg = Release|x64
		{11510222-2A76-4B4D-81D5-AFAC25191D7B}.Release|x64.Build.0 = Release|x64
	EndGlobalSection
	GlobalSection(SolutionProperties) = preSolution
		HideSolutionNode = FALSE
	EndGlobalSection
EndGlobal
