<?xml version="1.0" encoding="utf-8"?>
<Project ToolsVersion="4.0" xmlns="http://schemas.microsoft.com/developer/msbuild/2003">
  <ItemGroup>
    <Filter Include="Source Files">
      <UniqueIdentifier>{858a653e-8b81-4a29-8abd-5bf48f9636fe}</UniqueIdentifier>
      <Extensions>cpp;c;cxx;rc;def;r;odl;idl;hpj;bat</Extensions>
    </Filter>
    <Filter Include="Header Files">
      <UniqueIdentifier>{f5c93585-bda6-420a-9289-c084587bb2db}</UniqueIdentifier>
      <Extensions>h;hpp;hxx;hm;inl</Extensions>
    </Filter>
    <Filter Include="Resource Files">
      <UniqueIdentifier>{21979501-f1ba-4a85-8249-d2bbc74e3c44}</UniqueIdentifier>
      <Extensions>ico;cur;bmp;dlg;rc2;rct;bin;rgs;gif;jpg;jpeg;jpe</Extensions>
    </Filter>
    <Filter Include="Shaders">
      <UniqueIdentifier>{4c6dff27-140c-4376-a044-250cfa91aef1}</UniqueIdentifier>
      <Extensions>*.fx</Extensions>
      <ParseFiles>false</ParseFiles>
    </Filter>
    <Filter Include="Externals">
      <UniqueIdentifier>{fb8da057-55a8-4e60-bca3-60ba1b5287e3}</UniqueIdentifier>
    </Filter>
  </ItemGroup>
  <ItemGroup>
    <ClCompile Include="CelSphere.cpp">
      <Filter>Source Files</Filter>
    </ClCompile>
    <ClCompile Include="CloudMgr.cpp">
      <Filter>Source Files</Filter>
    </ClCompile>
    <ClCompile Include="CSphereMgr.cpp">
      <Filter>Source Files</Filter>
    </ClCompile>
    <ClCompile Include="D3D9Client.cpp">
      <Filter>Source Files</Filter>
    </ClCompile>
    <ClCompile Include="D3D9Config.cpp">
      <Filter>Source Files</Filter>
    </ClCompile>
    <ClCompile Include="D3D9ControlPanel.cpp">
      <Filter>Source Files</Filter>
    </ClCompile>
    <ClCompile Include="D3D9Effect.cpp">
      <Filter>Source Files</Filter>
    </ClCompile>
    <ClCompile Include="D3D9Frame.cpp">
      <Filter>Source Files</Filter>
    </ClCompile>
    <ClCompile Include="D3D9Pad.cpp">
      <Filter>Source Files</Filter>
    </ClCompile>
    <ClCompile Include="D3D9Surface.cpp">
      <Filter>Source Files</Filter>
    </ClCompile>
    <ClCompile Include="D3D9TextMgr.cpp">
      <Filter>Source Files</Filter>
    </ClCompile>
    <ClCompile Include="D3D9Util.cpp">
      <Filter>Source Files</Filter>
    </ClCompile>
    <ClCompile Include="GDIPad.cpp">
      <Filter>Source Files</Filter>
    </ClCompile>
    <ClCompile Include="HazeMgr.cpp">
      <Filter>Source Files</Filter>
    </ClCompile>
    <ClCompile Include="Log.cpp">
      <Filter>Source Files</Filter>
    </ClCompile>
    <ClCompile Include="Mesh.cpp">
      <Filter>Source Files</Filter>
    </ClCompile>
    <ClCompile Include="MeshMgr.cpp">
      <Filter>Source Files</Filter>
    </ClCompile>
    <ClCompile Include="MeshTools.cpp">
      <Filter>Source Files</Filter>
    </ClCompile>
    <ClCompile Include="Particle.cpp">
      <Filter>Source Files</Filter>
    </ClCompile>
    <ClCompile Include="RingMgr.cpp">
      <Filter>Source Files</Filter>
    </ClCompile>
    <ClCompile Include="Scene.cpp">
      <Filter>Source Files</Filter>
    </ClCompile>
    <ClCompile Include="SurfMgr.cpp">
      <Filter>Source Files</Filter>
    </ClCompile>
    <ClCompile Include="Texture.cpp">
      <Filter>Source Files</Filter>
    </ClCompile>
    <ClCompile Include="TileMgr.cpp">
      <Filter>Source Files</Filter>
    </ClCompile>
    <ClCompile Include="VBase.cpp">
      <Filter>Source Files</Filter>
    </ClCompile>
    <ClCompile Include="VideoTab.cpp">
      <Filter>Source Files</Filter>
    </ClCompile>
    <ClCompile Include="VObject.cpp">
      <Filter>Source Files</Filter>
    </ClCompile>
    <ClCompile Include="VPlanet.cpp">
      <Filter>Source Files</Filter>
    </ClCompile>
    <ClCompile Include="VStar.cpp">
      <Filter>Source Files</Filter>
    </ClCompile>
    <ClCompile Include="VVessel.cpp">
      <Filter>Source Files</Filter>
    </ClCompile>
    <ClCompile Include="BeaconArray.cpp">
      <Filter>Source Files</Filter>
    </ClCompile>
    <ClCompile Include="FileParser.cpp">
      <Filter>Source Files</Filter>
    </ClCompile>
    <ClCompile Include="RunwayLights.cpp">
      <Filter>Source Files</Filter>
    </ClCompile>
    <ClCompile Include="OapiExtension.cpp">
      <Filter>Source Files</Filter>
    </ClCompile>
    <ClCompile Include="DebugControls.cpp">
      <Filter>Source Files</Filter>
    </ClCompile>
    <ClCompile Include="Junction.cpp">
      <Filter>Source Files</Filter>
    </ClCompile>
    <ClCompile Include="AABBUtil.cpp">
      <Filter>Source Files</Filter>
    </ClCompile>
    <ClCompile Include="MaterialMgr.cpp">
      <Filter>Source Files</Filter>
    </ClCompile>
    <ClCompile Include="AtmoControls.cpp">
      <Filter>Source Files</Filter>
    </ClCompile>
    <ClCompile Include="Spherepatch.cpp">
      <Filter>Source Files</Filter>
    </ClCompile>
    <ClCompile Include="PlanetRenderer.cpp">
      <Filter>Source Files</Filter>
    </ClCompile>
    <ClCompile Include="Tilemgr2.cpp">
      <Filter>Source Files</Filter>
    </ClCompile>
    <ClCompile Include="Cloudmgr2.cpp">
      <Filter>Source Files</Filter>
    </ClCompile>
    <ClCompile Include="Surfmgr2.cpp">
      <Filter>Source Files</Filter>
    </ClCompile>
    <ClCompile Include="IProcess.cpp">
      <Filter>Source Files</Filter>
    </ClCompile>
    <ClCompile Include="OgciExtensions.cpp">
      <Filter>Source Files</Filter>
    </ClCompile>
    <ClCompile Include="D3D9Pad2.cpp">
      <Filter>Source Files</Filter>
    </ClCompile>
    <ClCompile Include="ZTreeMgr.cpp">
      <Filter>Source Files</Filter>
    </ClCompile>
    <ClCompile Include="TileLabel.cpp">
      <Filter>Source Files</Filter>
    </ClCompile>
  </ItemGroup>
  <ItemGroup>
    <ClInclude Include="..\include\GraphicsAPI.h">
      <Filter>Externals</Filter>
    </ClInclude>
    <ClInclude Include="..\include\OrbiterAPI.h">
      <Filter>Externals</Filter>
    </ClInclude>
    <ClInclude Include="..\include\Orbitersdk.h">
      <Filter>Externals</Filter>
    </ClInclude>
    <ClInclude Include="..\include\Sketchpad2.h">
      <Filter>Externals</Filter>
    </ClInclude>
    <ClInclude Include="TileLabel.h">
      <Filter>Header Files</Filter>
    </ClInclude>
  </ItemGroup>
  <ItemGroup>
    <ClInclude Include="CelSphere.h">
      <Filter>Header Files</Filter>
    </ClInclude>
    <ClInclude Include="CloudMgr.h">
      <Filter>Header Files</Filter>
    </ClInclude>
    <ClInclude Include="CSphereMgr.h">
      <Filter>Header Files</Filter>
    </ClInclude>
    <ClInclude Include="D3D9Catalog.h">
      <Filter>Header Files</Filter>
    </ClInclude>
    <ClInclude Include="D3D9Client.h">
      <Filter>Header Files</Filter>
    </ClInclude>
    <ClInclude Include="D3D9Config.h">
      <Filter>Header Files</Filter>
    </ClInclude>
    <ClInclude Include="D3D9Effect.h">
      <Filter>Header Files</Filter>
    </ClInclude>
    <ClInclude Include="D3D9Frame.h">
      <Filter>Header Files</Filter>
    </ClInclude>
    <ClInclude Include="D3D9Pad.h">
      <Filter>Header Files</Filter>
    </ClInclude>
    <ClInclude Include="D3D9TextMgr.h">
      <Filter>Header Files</Filter>
    </ClInclude>
    <ClInclude Include="D3D9Util.h">
      <Filter>Header Files</Filter>
    </ClInclude>
    <ClInclude Include="HazeMgr.h">
      <Filter>Header Files</Filter>
    </ClInclude>
    <ClInclude Include="Log.h">
      <Filter>Header Files</Filter>
    </ClInclude>
    <ClInclude Include="Mesh.h">
      <Filter>Header Files</Filter>
    </ClInclude>
    <ClInclude Include="MeshMgr.h">
      <Filter>Header Files</Filter>
    </ClInclude>
    <ClInclude Include="MeshTools.h">
      <Filter>Header Files</Filter>
    </ClInclude>
    <ClInclude Include="Particle.h">
      <Filter>Header Files</Filter>
    </ClInclude>
    <ClInclude Include="RingMgr.h">
      <Filter>Header Files</Filter>
    </ClInclude>
    <ClInclude Include="Scene.h">
      <Filter>Header Files</Filter>
    </ClInclude>
    <ClInclude Include="Texture.h">
      <Filter>Header Files</Filter>
    </ClInclude>
    <ClInclude Include="VBase.h">
      <Filter>Header Files</Filter>
    </ClInclude>
    <ClInclude Include="VideoTab.h">
      <Filter>Header Files</Filter>
    </ClInclude>
    <ClInclude Include="VObject.h">
      <Filter>Header Files</Filter>
    </ClInclude>
    <ClInclude Include="VStar.h">
      <Filter>Header Files</Filter>
    </ClInclude>
    <ClInclude Include="BeaconArray.h">
      <Filter>Header Files</Filter>
    </ClInclude>
    <ClInclude Include="FileParser.h">
      <Filter>Header Files</Filter>
    </ClInclude>
    <ClInclude Include="RunwayLights.h">
      <Filter>Header Files</Filter>
    </ClInclude>
    <ClInclude Include="D3D9Surface.h">
      <Filter>Header Files</Filter>
    </ClInclude>
    <ClInclude Include="GDIPad.h">
      <Filter>Header Files</Filter>
    </ClInclude>
    <ClInclude Include="SurfMgr.h">
      <Filter>Header Files</Filter>
    </ClInclude>
    <ClInclude Include="TileMgr.h">
      <Filter>Header Files</Filter>
    </ClInclude>
    <ClInclude Include="VPlanet.h">
      <Filter>Header Files</Filter>
    </ClInclude>
    <ClInclude Include="OapiExtension.h">
      <Filter>Header Files</Filter>
    </ClInclude>
    <ClInclude Include="DebugControls.h">
      <Filter>Header Files</Filter>
    </ClInclude>
    <ClInclude Include="Junction.h">
      <Filter>Header Files</Filter>
    </ClInclude>
    <ClInclude Include="AABBUtil.h">
      <Filter>Header Files</Filter>
    </ClInclude>
    <ClInclude Include="MaterialMgr.h">
      <Filter>Header Files</Filter>
    </ClInclude>
    <ClInclude Include="AtmoControls.h">
      <Filter>Header Files</Filter>
    </ClInclude>
    <ClInclude Include="Spherepatch.h">
      <Filter>Header Files</Filter>
    </ClInclude>
    <ClInclude Include="PlanetRenderer.h">
      <Filter>Header Files</Filter>
    </ClInclude>
    <ClInclude Include="Tilemgr2.h">
      <Filter>Header Files</Filter>
    </ClInclude>
    <ClInclude Include="Tilemgr2_imp.hpp">
      <Filter>Header Files</Filter>
    </ClInclude>
    <ClInclude Include="Cloudmgr2.h">
      <Filter>Header Files</Filter>
    </ClInclude>
    <ClInclude Include="Surfmgr2.h">
      <Filter>Header Files</Filter>
    </ClInclude>
    <ClInclude Include="Qtree.h">
      <Filter>Header Files</Filter>
    </ClInclude>
    <ClInclude Include="VectorHelpers.h">
      <Filter>Header Files</Filter>
    </ClInclude>
    <ClInclude Include="IProcess.h">
      <Filter>Header Files</Filter>
    </ClInclude>
    <ClInclude Include="VVessel.h">
      <Filter>Header Files</Filter>
    </ClInclude>
    <ClInclude Include="ZTreeMgr.h">
      <Filter>Header Files</Filter>
    </ClInclude>
  </ItemGroup>
  <ItemGroup>
    <None Include="..\..\Modules\D3D9Client\BeaconArray.fx">
      <Filter>Shaders</Filter>
    </None>
    <None Include="..\..\Modules\D3D9Client\CKBlit.fx">
      <Filter>Shaders</Filter>
    </None>
    <None Include="..\..\Modules\D3D9Client\D3D9Client.fx">
      <Filter>Shaders</Filter>
    </None>
    <None Include="..\..\Modules\D3D9Client\HorizonHaze.fx">
      <Filter>Shaders</Filter>
    </None>
    <None Include="..\..\Modules\D3D9Client\Mesh.fx">
      <Filter>Shaders</Filter>
    </None>
    <None Include="..\..\Modules\D3D9Client\PBR.fx">
      <Filter>Shaders</Filter>
    </None>
    <None Include="..\..\Modules\D3D9Client\Particle.fx">
      <Filter>Shaders</Filter>
    </None>
    <None Include="..\..\Modules\D3D9Client\Planet.fx">
      <Filter>Shaders</Filter>
    </None>
    <None Include="..\..\Modules\D3D9Client\SceneTech.fx">
      <Filter>Shaders</Filter>
    </None>
    <None Include="..\..\Modules\D3D9Client\Sketchpad.fx">
      <Filter>Shaders</Filter>
    </None>
    <None Include="..\..\Modules\D3D9Client\Surface.fx">
      <Filter>Shaders</Filter>
    </None>
    <None Include="..\..\Modules\D3D9Client\Vessel.fx">
      <Filter>Shaders</Filter>
    </None>
    <None Include="..\..\Modules\D3D9Client\Common.hlsl">
      <Filter>Shaders</Filter>
    </None>
  </ItemGroup>
  <ItemGroup>
    <None Include="..\..\Modules\D3D9Client\EnvMapBlur.hlsl">
      <Filter>Shaders</Filter>
    </None>
    <None Include="..\..\Modules\D3D9Client\IPI.hlsl">
      <Filter>Shaders</Filter>
    </None>
    <None Include="..\..\Modules\D3D9Client\LensFlare.hlsl">
      <Filter>Shaders</Filter>
    </None>
    <None Include="..\..\Modules\D3D9Client\LightBlur.hlsl">
      <Filter>Shaders</Filter>
    </None>
  </ItemGroup>
  <ItemGroup>
    <ClInclude Include="resource.h">
      <Filter>Resource Files</Filter>
    </ClInclude>
    <ResourceCompile Include="D3D9Client.rc">
      <Filter>Resource Files</Filter>
    </ResourceCompile>
  </ItemGroup>
</Project>