<?xml version="1.0" encoding="utf-8"?>
<Project ToolsVersion="4.0" xmlns="http://schemas.microsoft.com/developer/msbuild/2003">
  <ItemGroup>
    <Filter Include="Source Files">
      <UniqueIdentifier>{f11daaa5-f0f1-4cfb-9de8-6cca5602eb9c}</UniqueIdentifier>
      <Extensions>cpp;c;cxx;rc;def;r;odl;idl;hpj;bat</Extensions>
    </Filter>
    <Filter Include="Header Files">
      <UniqueIdentifier>{35cb0e3d-5864-427b-8e9e-88e6cd45e4c0}</UniqueIdentifier>
      <Extensions>h;hpp;hxx;hm;inl</Extensions>
    </Filter>
    <Filter Include="Resource Files">
      <UniqueIdentifier>{02f693f7-824e-495b-8c93-fdc9c3406953}</UniqueIdentifier>
      <Extensions>ico;cur;bmp;dlg;rc2;rct;bin;rgs;gif;jpg;jpeg;jpe</Extensions>
    </Filter>
    <Filter Include="HtmlHelp">
      <UniqueIdentifier>{e189f773-01a2-42e6-86d7-b8422e8bf736}</UniqueIdentifier>
    </Filter>
    <Filter Include="HtmlHelp\Source Files">
      <UniqueIdentifier>{33ca867b-e733-4549-9873-a7ae0c265f7a}</UniqueIdentifier>
    </Filter>
  </ItemGroup>
  <ItemGroup>
    <ClCompile Include="Convert.cpp">
      <Filter>Source Files</Filter>
    </ClCompile>
    <ClCompile Include="Editor.cpp">
      <Filter>Source Files</Filter>
    </ClCompile>
    <ClCompile Include="ScnEditor.cpp">
      <Filter>Source Files</Filter>
    </ClCompile>
  </ItemGroup>
  <ItemGroup>
    <ResourceCompile Include="ScnEditor.rc">
      <Filter>Source Files</Filter>
    </ResourceCompile>
  </ItemGroup>
  <ItemGroup>
    <ClInclude Include="Editor.h">
      <Filter>Header Files</Filter>
    </ClInclude>
    <ClInclude Include="resource.h">
      <Filter>Header Files</Filter>
    </ClInclude>
    <ClInclude Include="ScnEditorAPI.h">
      <Filter>Header Files</Filter>
    </ClInclude>
  </ItemGroup>
  <ItemGroup>
    <Image Include="Bitmaps\File1.bmp">
      <Filter>Resource Files</Filter>
    </Image>
    <Image Include="Bitmaps\File2.bmp">
      <Filter>Resource Files</Filter>
    </Image>
    <Image Include="Bitmaps\Folder1.bmp">
      <Filter>Resource Files</Filter>
    </Image>
    <Image Include="Bitmaps\Folder2.bmp">
      <Filter>Resource Files</Filter>
    </Image>
    <Image Include="Bitmaps\pause.bmp">
      <Filter>Resource Files</Filter>
    </Image>
    <Image Include="Help\rmat.gif">
      <Filter>HtmlHelp\Source Files</Filter>
    </Image>
  </ItemGroup>
  <ItemGroup>
    <None Include="Help\AngularVel.htm">
      <Filter>HtmlHelp\Source Files</Filter>
    </None>
    <None Include="Help\Date.htm">
      <Filter>HtmlHelp\Source Files</Filter>
    </None>
    <None Include="Help\DelVessel.htm">
      <Filter>HtmlHelp\Source Files</Filter>
    </None>
    <None Include="Help\Docking.htm">
      <Filter>HtmlHelp\Source Files</Filter>
    </None>
    <None Include="Help\EditVessel.htm">
      <Filter>HtmlHelp\Source Files</Filter>
    </None>
    <None Include="Help\Elements.htm">
      <Filter>HtmlHelp\Source Files</Filter>
    </None>
    <None Include="Help\Location.htm">
      <Filter>HtmlHelp\Source Files</Filter>
    </None>
    <None Include="Help\NewVessel.htm">
      <Filter>HtmlHelp\Source Files</Filter>
    </None>
    <None Include="Help\Orientation.htm">
      <Filter>HtmlHelp\Source Files</Filter>
    </None>
    <None Include="Help\Propellant.htm">
      <Filter>HtmlHelp\Source Files</Filter>
    </None>
    <None Include="Help\SaveScenario.htm">
      <Filter>HtmlHelp\Source Files</Filter>
    </None>
    <None Include="Help\ScnEditor.hhc">
      <Filter>HtmlHelp\Source Files</Filter>
    </None>
    <None Include="Help\ScnEditor.hhk">
      <Filter>HtmlHelp\Source Files</Filter>
    </None>
    <None Include="Help\ScnEditor.htm">
      <Filter>HtmlHelp\Source Files</Filter>
    </None>
    <None Include="Help\Statevec.htm">
      <Filter>HtmlHelp\Source Files</Filter>
    </None>
  </ItemGroup>
  <ItemGroup>
    <CustomBuild Include="Help\ScnEditor.hhp">
      <Filter>HtmlHelp</Filter>
    </CustomBuild>
  </ItemGroup>
</Project>