<?xml version="1.0" encoding="utf-8"?>
<Project ToolsVersion="4.0" xmlns="http://schemas.microsoft.com/developer/msbuild/2003">
  <ItemGroup>
    <Filter Include="Source Files">
      <UniqueIdentifier>{d34a67ba-0c73-4156-9227-36e90fafd017}</UniqueIdentifier>
      <Extensions>cpp;c;cxx;rc;def;r;odl;idl;hpj;bat</Extensions>
    </Filter>
    <Filter Include="Header Files">
      <UniqueIdentifier>{2138cc58-94cd-411e-b277-3c183911a1ca}</UniqueIdentifier>
      <Extensions>h;hpp;hxx;hm;inl</Extensions>
    </Filter>
    <Filter Include="Config">
      <UniqueIdentifier>{d66eb886-e521-486b-adc2-57f7f98e0094}</UniqueIdentifier>
    </Filter>
    <Filter Include="Config\Base">
      <UniqueIdentifier>{b9dff64d-ec07-442d-aeec-d3b908514184}</UniqueIdentifier>
    </Filter>
    <Filter Include="Config\Data">
      <UniqueIdentifier>{b564caeb-c471-45c9-a579-26de6ad5d090}</UniqueIdentifier>
    </Filter>
  </ItemGroup>
  <ItemGroup>
    <ClCompile Include="Mars.cpp">
      <Filter>Source Files</Filter>
    </ClCompile>
  </ItemGroup>
  <ItemGroup>
    <ClInclude Include="Mars.h">
      <Filter>Header Files</Filter>
    </ClInclude>
    <ClInclude Include="..\Vsop87.h">
      <Filter>Header Files</Filter>
    </ClInclude>
  </ItemGroup>
  <ItemGroup>
    <CustomBuild Include="..\Data\Vsop87B_mar.dat">
      <Filter>Config\Data</Filter>
    </CustomBuild>
    <CustomBuild Include="Config\Mars\Atmosphere.cfg">
      <Filter>Config</Filter>
    </CustomBuild>
    <CustomBuild Include="Config\Mars\Label.cfg">
      <Filter>Config</Filter>
    </CustomBuild>
    <CustomBuild Include="Config\Mars.cfg">
      <Filter>Config</Filter>
    </CustomBuild>
    <CustomBuild Include="Config\Mars\Data\contour.vec">
      <Filter>Config\Data</Filter>
    </CustomBuild>
    <CustomBuild Include="Config\Mars\Base\Olympus.cfg">
      <Filter>Config\Base</Filter>
    </CustomBuild>
  </ItemGroup>
</Project>