<?xml version="1.0" encoding="utf-8"?>
<Project ToolsVersion="4.0" xmlns="http://schemas.microsoft.com/developer/msbuild/2003">
  <ItemGroup>
    <Filter Include="API">
      <UniqueIdentifier>{f09d0775-33d6-489c-8296-c52397cb34f5}</UniqueIdentifier>
    </Filter>
    <Filter Include="Meshes">
      <UniqueIdentifier>{b6247860-14f7-4006-bbf2-108bd96ebbef}</UniqueIdentifier>
    </Filter>
    <Filter Include="Config">
      <UniqueIdentifier>{39ba4e65-e5f9-459b-8845-1232bc86d015}</UniqueIdentifier>
    </Filter>
  </ItemGroup>
  <ItemGroup>
    <ClInclude Include="..\..\include\OrbiterAPI.h">
      <Filter>API</Filter>
    </ClInclude>
    <ClInclude Include="..\..\include\Orbitersdk.h">
      <Filter>API</Filter>
    </ClInclude>
    <ClInclude Include="..\..\include\VesselAPI.h">
      <Filter>API</Filter>
    </ClInclude>
    <ClInclude Include="HST.h" />
  </ItemGroup>
  <ItemGroup>
    <ClCompile Include="HST.cpp" />
    <ClCompile Include="HST_Lua.cpp" />
  </ItemGroup>
  <ItemGroup>
    <CustomBuild Include="Meshes\HST_STS-109.msh">
      <Filter>Meshes</Filter>
    </CustomBuild>
    <CustomBuild Include="Config\HST.cfg">
      <Filter>Config</Filter>
    </CustomBuild>
  </ItemGroup>
</Project>